
Microsoft Visual Studio Solution File, Format Version 12.00
Project("{FAE04EC0-301F-11D3-BF4B-00C04F79EFBC}") = "CSharpLearning", "CSharpLearning\CSharpLearning.csproj", "{F6DC64A0-BB43-44C8-86B8-BF841C63239E}"
EndProject
Project("{FAE04EC0-301F-11D3-BF4B-00C04F79EFBC}") = "Recursion", "Recursion\Recursion.csproj", "{98D0EB4A-4296-4CD7-878B-9C3B559B4627}"
EndProject
Project("{FAE04EC0-301F-11D3-BF4B-00C04F79EFBC}") = "Array", "Array\Array.csproj", "{2E208011-E877-48E9-AB76-04155B7F03AF}"
EndProject
Project("{FAE04EC0-301F-11D3-BF4B-00C04F79EFBC}") = "ClassesAndObject", "ClassesAndObject\ClassesAndObject.csproj", "{A8C04C5A-1E07-499A-A8B5-51A3EA5D1BB4}"
EndProject
Project("{FAE04EC0-301F-11D3-BF4B-00C04F79EFBC}") = "StaticMethods", "StaticMethods\StaticMethods.csproj", "{1F2BE3FA-164C-4A98-8C23-3DD079D00961}"
EndProject
Project("{FAE04EC0-301F-11D3-BF4B-00C04F79EFBC}") = "Destructor", "Destructor\Destructor.csproj", "{2042A85E-654F-46C5-9C80-837EECA888F6}"
EndProject
Project("{FAE04EC0-301F-11D3-BF4B-00C04F79EFBC}") = "This", "This\This.csproj", "{B709E430-8FE4-47A0-B71F-89FFA0DE6248}"
EndProject
Project("{FAE04EC0-301F-11D3-BF4B-00C04F79EFBC}") = "ClassesTasks", "ClassesTasks\ClassesTasks.csproj", "{5F8223F4-6577-47B9-9351-62B997360247}"
EndProject
Project("{FAE04EC0-301F-11D3-BF4B-00C04F79EFBC}") = "Covariant", "Covariant\Covariant.csproj", "{4D93C432-012B-4B0B-804F-8C019F3B981B}"
EndProject
Project("{FAE04EC0-301F-11D3-BF4B-00C04F79EFBC}") = "Params_01", "Params_01\Params_01.csproj", "{47957B28-8309-4131-8230-D4907627BD64}"
EndProject
Project("{FAE04EC0-301F-11D3-BF4B-00C04F79EFBC}") = "Params_02", "Params_02\Params_02.csproj", "{2AEAC04B-DE47-437F-A1AE-1EA0D68D728D}"
EndProject
Project("{FAE04EC0-301F-11D3-BF4B-00C04F79EFBC}") = "Indexers", "Indexers\Indexers.csproj", "{CF0591D9-5BCD-4B30-980C-53FE34266632}"
EndProject
Project("{FAE04EC0-301F-11D3-BF4B-00C04F79EFBC}") = "StaticClass", "StaticClass\StaticClass.csproj", "{D56E3757-652C-43E8-8A58-7ABC9D7516CD}"
EndProject
Project("{FAE04EC0-301F-11D3-BF4B-00C04F79EFBC}") = "ArraysKatas", "ArraysKatas\ArraysKatas.csproj", "{7468B109-0643-4C1F-8FAE-37F4E063BE73}"
EndProject
Project("{FAE04EC0-301F-11D3-BF4B-00C04F79EFBC}") = "ExtensionMethods", "ExtensionMethods\ExtensionMethods.csproj", "{14088551-E318-4310-9AD0-904FB5CF4E83}"
EndProject
Project("{FAE04EC0-301F-11D3-BF4B-00C04F79EFBC}") = "OOP", "OOP\OOP.csproj", "{F905900A-A675-4DD4-9405-850D28C7FC8A}"
EndProject
Project("{FAE04EC0-301F-11D3-BF4B-00C04F79EFBC}") = "StaticConstructors", "StaticConstructors\StaticConstructors.csproj", "{F9273B87-C62A-4545-9CF2-A8A38230FECA}"
EndProject
Project("{FAE04EC0-301F-11D3-BF4B-00C04F79EFBC}") = "Polymorphism", "Polymorphism\Polymorphism.csproj", "{950CC0DF-D34E-4CBE-95B0-9F77C8CAB725}"
EndProject
Project("{FAE04EC0-301F-11D3-BF4B-00C04F79EFBC}") = "Abstraction", "Abstraction\Abstraction.csproj", "{B9800C69-D6DC-413D-B18A-7D05B0E1C232}"
EndProject
Project("{FAE04EC0-301F-11D3-BF4B-00C04F79EFBC}") = "ClassesRecup", "ClassesRecup\ClassesRecup.csproj", "{13E3324C-964A-413D-8A16-AEE0EF913E3D}"
EndProject
Project("{FAE04EC0-301F-11D3-BF4B-00C04F79EFBC}") = "Interfaces", "Interfaces\Interfaces.csproj", "{9EAAA3AA-426A-471A-8A3E-6D13AD35130E}"
EndProject
Project("{FAE04EC0-301F-11D3-BF4B-00C04F79EFBC}") = "ExplicitImplementationOfInterfaces", "ExplicitImplementationOfInterfaces\ExplicitImplementationOfInterfaces.csproj", "{73F53E39-C178-477B-B26B-5ED85B5B8CEE}"
EndProject
Project("{FAE04EC0-301F-11D3-BF4B-00C04F79EFBC}") = "RandomKatas", "RandomKatas\RandomKatas.csproj", "{F7AE0C39-BFB8-4BBC-890C-5DA19833194E}"
EndProject
Project("{FAE04EC0-301F-11D3-BF4B-00C04F79EFBC}") = "Structures", "Structures\Structures.csproj", "{47C4CD99-86EC-405B-957E-0A26BBF23502}"
EndProject
Project("{FAE04EC0-301F-11D3-BF4B-00C04F79EFBC}") = "Benchmark", "Benchmark\Benchmark.csproj", "{887C88D4-5782-415F-B419-36F3DE5FFDED}"
EndProject
Project("{FAE04EC0-301F-11D3-BF4B-00C04F79EFBC}") = "BenchmarkDNet", "BenchmarkDNet\BenchmarkDNet.csproj", "{57917AE6-D916-4806-ADE4-CE89FB85EF1B}"
EndProject
Project("{FAE04EC0-301F-11D3-BF4B-00C04F79EFBC}") = "Enums", "Enums\Enums.csproj", "{9272F89E-7145-4CA3-B56E-25AF8FFAAC81}"
EndProject
Project("{FAE04EC0-301F-11D3-BF4B-00C04F79EFBC}") = "Boxing", "Boxing\Boxing.csproj", "{FBC84FED-83D1-443D-B035-1CEC4EF5AA9D}"
EndProject
Project("{FAE04EC0-301F-11D3-BF4B-00C04F79EFBC}") = "ArrayCovariant", "ArrayCovariant\ArrayCovariant.csproj", "{CBA2CE9E-9025-45FB-970D-D1C3C12E33FF}"
EndProject
Project("{FAE04EC0-301F-11D3-BF4B-00C04F79EFBC}") = "WorkDateTime", "WorkDateTime\WorkDateTime.csproj", "{A3062ADA-A896-47CB-8CE7-4E7AAB3C16B1}"
EndProject
Project("{FAE04EC0-301F-11D3-BF4B-00C04F79EFBC}") = "DateTimeNewYear", "DateTimeNewYear\DateTimeNewYear.csproj", "{1F15918A-AD7E-41D7-A1DB-B2AF9981244F}"
EndProject
Project("{FAE04EC0-301F-11D3-BF4B-00C04F79EFBC}") = "EnumsSimpleCode", "EnumsSimpleCode\EnumsSimpleCode.csproj", "{09C94D6F-50B8-4896-9E8C-43D7280659A1}"
EndProject
Project("{FAE04EC0-301F-11D3-BF4B-00C04F79EFBC}") = "Delegates", "Delegates\Delegates.csproj", "{CCBEE416-9266-49A8-801B-93B8B3570335}"
EndProject
Project("{FAE04EC0-301F-11D3-BF4B-00C04F79EFBC}") = "DelegatesExample5", "DelegatesExample5\DelegatesExample5.csproj", "{39AD7667-0DB0-4A7B-92D1-691852C0926B}"
EndProject
Project("{FAE04EC0-301F-11D3-BF4B-00C04F79EFBC}") = "DelegatesExample6", "DelegatesExample6\DelegatesExample6.csproj", "{154FB410-A11F-4C3F-A50E-B7C3360FB7D8}"
EndProject
Project("{FAE04EC0-301F-11D3-BF4B-00C04F79EFBC}") = "DelegatesExample7", "DelegatesExample7\DelegatesExample7.csproj", "{FAABA3B2-6697-4497-A328-27C9FEDE9FE1}"
EndProject
Project("{FAE04EC0-301F-11D3-BF4B-00C04F79EFBC}") = "DelegatesExample8", "DelegatesExample8\DelegatesExample8.csproj", "{1BE15F50-AAAA-4AC1-BF2F-870975278A4F}"
EndProject
Project("{FAE04EC0-301F-11D3-BF4B-00C04F79EFBC}") = "DelagatesExample9", "DelagatesExample9\DelagatesExample9.csproj", "{ECFA5887-8379-4A23-A6CB-2C10D56E9AB9}"
EndProject
Project("{FAE04EC0-301F-11D3-BF4B-00C04F79EFBC}") = "DelegatesExample10", "DelegatesExample10\DelegatesExample10.csproj", "{C9F02771-7D55-4F1E-8ACB-73CE791D7A6D}"
EndProject
Project("{FAE04EC0-301F-11D3-BF4B-00C04F79EFBC}") = "Generics_01", "Generics_01\Generics_01.csproj", "{B0821047-7022-488C-BEC8-EBA95F30FBD6}"
EndProject
Project("{FAE04EC0-301F-11D3-BF4B-00C04F79EFBC}") = "Generic_03", "Generics_03\Generic_03.csproj", "{B5FA525E-6047-4C2F-9366-B6909BEB1782}"
EndProject
Project("{FAE04EC0-301F-11D3-BF4B-00C04F79EFBC}") = "Generics_02 ", "Generics_02\Generics_02 .csproj", "{D6A9A55E-A871-41E1-801C-69550BB85FE7}"
EndProject
Project("{FAE04EC0-301F-11D3-BF4B-00C04F79EFBC}") = "Generics_04", "Generics_04\Generics_04.csproj", "{4A215F85-3953-4D90-86EF-48F99F7C7962}"
EndProject
Project("{FAE04EC0-301F-11D3-BF4B-00C04F79EFBC}") = "Generics_05", "Generics_05\Generics_05.csproj", "{2A499147-50D1-4E82-A0CC-EE0D918F3FB7}"
EndProject
Project("{FAE04EC0-301F-11D3-BF4B-00C04F79EFBC}") = "Generics_06", "Generics_06\Generics_06.csproj", "{E39137BB-A315-4D46-B83E-498CCD914D38}"
EndProject
Project("{FAE04EC0-301F-11D3-BF4B-00C04F79EFBC}") = "Generics_07", "Generics_07\Generics_07.csproj", "{6754CA06-B16A-4527-981D-9AC6D897F627}"
EndProject
Project("{FAE04EC0-301F-11D3-BF4B-00C04F79EFBC}") = "Genereics_08", "Genereics_08\Genereics_08.csproj", "{9AA84C58-AA74-4A87-9709-E1BAD8A943B0}"
EndProject
Project("{FAE04EC0-301F-11D3-BF4B-00C04F79EFBC}") = "NullableTypes_01", "NullableTypes_01\NullableTypes_01.csproj", "{1B5FCA6D-A6E4-4079-AA9D-5E2E537E3C96}"
EndProject
Project("{FAE04EC0-301F-11D3-BF4B-00C04F79EFBC}") = "NullableType_02", "NullableType_02\NullableType_02.csproj", "{A70CC1E2-642C-4865-A5D1-3C72D9C54CDC}"
EndProject
Project("{FAE04EC0-301F-11D3-BF4B-00C04F79EFBC}") = "SpaceStation", "SpaceStation\SpaceStation.csproj", "{F81EE687-96CE-47FB-9B95-B282E4C3126C}"
EndProject
Project("{FAE04EC0-301F-11D3-BF4B-00C04F79EFBC}") = "GenericsSimpleCode", "GenericsSimpleCode\GenericsSimpleCode.csproj", "{522F5BB0-D81E-476D-BD47-C3864E8B8D03}"
EndProject
Project("{FAE04EC0-301F-11D3-BF4B-00C04F79EFBC}") = "Constraint", "Constraint\Constraint.csproj", "{1101A141-D3E6-445B-8519-4A04A9C85ACC}"
EndProject
Project("{FAE04EC0-301F-11D3-BF4B-00C04F79EFBC}") = "NewConstraint", "NewConstraint\NewConstraint.csproj", "{E22EDA0E-872A-4315-8410-23D38BAD9BC0}"
EndProject
Project("{FAE04EC0-301F-11D3-BF4B-00C04F79EFBC}") = "BaseConstraint", "BaseConstraint\BaseConstraint.csproj", "{A156952C-6E85-4F00-BF28-BED9A88490C3}"
EndProject
Project("{FAE04EC0-301F-11D3-BF4B-00C04F79EFBC}") = "ConstraintTU", "ConstraintTU\ConstraintTU.csproj", "{2927DCD0-8A4C-4E1C-B21F-D73541589485}"
EndProject
Project("{FAE04EC0-301F-11D3-BF4B-00C04F79EFBC}") = "ConstraintTU2", "ConstraintTU2\ConstraintTU2.csproj", "{C562A818-6228-4D4D-9B6E-6C0D1A71C66C}"
EndProject
Project("{FAE04EC0-301F-11D3-BF4B-00C04F79EFBC}") = "ConstraintNaked", "ConstraintNaked\ConstraintNaked.csproj", "{4F4710FE-C8D5-434C-929A-A625AA330A4D}"
EndProject
Project("{FAE04EC0-301F-11D3-BF4B-00C04F79EFBC}") = "ArrayList", "ArrayList\ArrayList.csproj", "{AA16B4F6-D697-4229-93EA-0B9BB5E79ACB}"
EndProject
Project("{FAE04EC0-301F-11D3-BF4B-00C04F79EFBC}") = "Dictionary", "Dictionary\Dictionary.csproj", "{4B157DE2-8E27-4736-9E45-6D90242A6F54}"
EndProject
Project("{FAE04EC0-301F-11D3-BF4B-00C04F79EFBC}") = "Events_01", "Events_01\Events_01.csproj", "{3A21A6CC-FAB6-4B0E-95C9-646F6A6E255B}"
EndProject
Project("{FAE04EC0-301F-11D3-BF4B-00C04F79EFBC}") = "Events_02", "Events_02\Events_02.csproj", "{55FDC1AD-BB27-46E5-82F5-63923F582637}"
EndProject
Project("{FAE04EC0-301F-11D3-BF4B-00C04F79EFBC}") = "Events_03", "Events_03\Events_03.csproj", "{CFCAAAF1-3FF0-4B51-9DE3-1F7564E318BD}"
EndProject
Project("{FAE04EC0-301F-11D3-BF4B-00C04F79EFBC}") = "Events_04", "Events_04\Events_04.csproj", "{07ECD665-C180-4F5F-BFB2-8F8BC4C43EAE}"
EndProject
Project("{FAE04EC0-301F-11D3-BF4B-00C04F79EFBC}") = "Events_05", "Events_05\Events_05.csproj", "{8C22E978-F9C6-4F22-ACD2-48915A906F77}"
EndProject
Project("{FAE04EC0-301F-11D3-BF4B-00C04F79EFBC}") = "Events_06", "Events_06\Events_06.csproj", "{5E229128-9390-4FA0-A042-CAEC9B75FC9F}"
EndProject
Project("{FAE04EC0-301F-11D3-BF4B-00C04F79EFBC}") = "Threads_01", "Threads_01\Threads_01.csproj", "{639E308C-D506-470A-98BD-F678D81970D9}"
EndProject
Project("{FAE04EC0-301F-11D3-BF4B-00C04F79EFBC}") = "Threads_02", "Threads_02\Threads_02.csproj", "{4C485AFC-98D2-4EDA-82C4-FCD58E154C96}"
EndProject
Project("{FAE04EC0-301F-11D3-BF4B-00C04F79EFBC}") = "Threads_03", "Threads_03\Threads_03.csproj", "{0DAB78E0-A4AB-48AB-A66B-F2ADBC9417C6}"
EndProject
Project("{FAE04EC0-301F-11D3-BF4B-00C04F79EFBC}") = "Threads_04", "Threads_04\Threads_04.csproj", "{779CD4CD-7CE5-4693-8F4D-52A280163FB1}"
EndProject
Project("{FAE04EC0-301F-11D3-BF4B-00C04F79EFBC}") = "Threads_05", "Threads_05\Threads_05.csproj", "{B3ACCADD-EDFE-4495-96D5-EB1A4BEE4084}"
EndProject
Project("{FAE04EC0-301F-11D3-BF4B-00C04F79EFBC}") = "Threads_06", "Threads_06\Threads_06.csproj", "{E922F4D1-E5CA-4B82-8BFD-443432576A8F}"
EndProject
Project("{FAE04EC0-301F-11D3-BF4B-00C04F79EFBC}") = "CriticalSection_01", "CriticalSection_01\CriticalSection_01.csproj", "{9D7285A8-0D76-424B-A98F-34480C9E3F3A}"
EndProject
Project("{FAE04EC0-301F-11D3-BF4B-00C04F79EFBC}") = "CriticalSection_02", "CriticalSection_02\CriticalSection_02.csproj", "{06495E5B-0329-4258-8303-6C28E72EC4C7}"
EndProject
Project("{FAE04EC0-301F-11D3-BF4B-00C04F79EFBC}") = "CriticalSection_03", "CriticalSection_03\CriticalSection_03.csproj", "{F638F042-1DA4-4917-81A5-C48A8E41C238}"
EndProject
Project("{FAE04EC0-301F-11D3-BF4B-00C04F79EFBC}") = "UserCollection", "UserCollection\UserCollection.csproj", "{CDB99614-7805-44BD-A0F9-599C8BF135A4}"
EndProject
Project("{FAE04EC0-301F-11D3-BF4B-00C04F79EFBC}") = "Yield_01", "Yield_01\Yield_01.csproj", "{636D4A7E-20AD-4246-A12C-5D1EEAA33DA4}"
EndProject
Project("{FAE04EC0-301F-11D3-BF4B-00C04F79EFBC}") = "Yield_02", "Yield_02\Yield_02.csproj", "{5555F412-6193-4386-A3F8-B077D8D6C0AB}"
EndProject
Project("{FAE04EC0-301F-11D3-BF4B-00C04F79EFBC}") = "Yield_03", "Yield_03\Yield_03.csproj", "{9C1F28A9-B32B-4F75-BE4D-972FF4B28E44}"
EndProject
Project("{FAE04EC0-301F-11D3-BF4B-00C04F79EFBC}") = "Yield_04", "Yield_04\Yield_04.csproj", "{8B7C95B1-91DB-420B-9BB9-18EB368AFFA3}"
EndProject
Project("{FAE04EC0-301F-11D3-BF4B-00C04F79EFBC}") = "Yield_05", "Yield_05\Yield_05.csproj", "{1240EF21-6C4E-4DF0-BD78-7B9EE844105C}"
EndProject
Project("{FAE04EC0-301F-11D3-BF4B-00C04F79EFBC}") = "Yield_06", "Yield_06\Yield_06.csproj", "{9007D2C6-BCEF-4CF8-84CA-916C2C41C8B5}"
EndProject
Project("{FAE04EC0-301F-11D3-BF4B-00C04F79EFBC}") = "Exceptions_01", "Exceptions_01\Exceptions_01.csproj", "{852D68D2-AD4B-4DFB-9416-1CD92B9196D6}"
EndProject
Project("{FAE04EC0-301F-11D3-BF4B-00C04F79EFBC}") = "Exceptions_02", "Exceptions_02\Exceptions_02.csproj", "{9EB2DE0C-06C5-468F-975D-4E78ADA63575}"
EndProject
Project("{FAE04EC0-301F-11D3-BF4B-00C04F79EFBC}") = "Exceptions_03", "Exceptions_03\Exceptions_03.csproj", "{A0BB488B-2FE9-4ADB-B541-12A226BB706B}"
EndProject
Project("{FAE04EC0-301F-11D3-BF4B-00C04F79EFBC}") = "Exceptions_04", "Exceptions_04\Exceptions_04.csproj", "{74405842-34FB-47D7-9736-F5C82AF3DE48}"
EndProject
Project("{FAE04EC0-301F-11D3-BF4B-00C04F79EFBC}") = "Exceptions_05", "Exceptions_05\Exceptions_05.csproj", "{C95FD9EA-3B10-423C-8B4D-282AEFAFCB0F}"
EndProject
Project("{FAE04EC0-301F-11D3-BF4B-00C04F79EFBC}") = "Exceptions_06", "Exceptions_06\Exceptions_06.csproj", "{ECC92854-16FE-4E9C-B49E-F2F4E1B50D61}"
EndProject
Project("{FAE04EC0-301F-11D3-BF4B-00C04F79EFBC}") = "Exceptions_07", "Exceptions_07\Exceptions_07.csproj", "{00A4F2C5-0CC3-4A93-8CB1-85C5CC1DE3AF}"
EndProject
Project("{FAE04EC0-301F-11D3-BF4B-00C04F79EFBC}") = "Exceptions_08", "Exceptions_08\Exceptions_08.csproj", "{47C8772C-6918-4A21-B8D2-406DA6F63994}"
EndProject
Project("{FAE04EC0-301F-11D3-BF4B-00C04F79EFBC}") = "ClassObject_01", "ClassObject_01\ClassObject_01.csproj", "{7DC48B1C-63D3-4DAE-B0FB-1347D3BCA3F2}"
EndProject
Project("{FAE04EC0-301F-11D3-BF4B-00C04F79EFBC}") = "ClassObject", "ClassObject\ClassObject.csproj", "{2BFF4154-812A-4A02-8449-3600F5D375A3}"
EndProject
Project("{FAE04EC0-301F-11D3-BF4B-00C04F79EFBC}") = "ClassObject_02", "ClassObject_02\ClassObject_02.csproj", "{BAE7B9D8-60E8-4222-BD79-22BD05F12D6A}"
EndProject
Project("{FAE04EC0-301F-11D3-BF4B-00C04F79EFBC}") = "ClassObject_03", "ClassObject_03\ClassObject_03.csproj", "{90904657-1BE2-4CDD-860E-A83F1071A3FF}"
EndProject
Project("{FAE04EC0-301F-11D3-BF4B-00C04F79EFBC}") = "ClassObject_04", "ClassObject_04\ClassObject_04.csproj", "{F0ED9298-A859-4088-8D6D-825D4E42AE40}"
EndProject
Project("{FAE04EC0-301F-11D3-BF4B-00C04F79EFBC}") = "ICloneable", "ICloneable\ICloneable.csproj", "{A8C1E73B-FDC0-4C10-9B99-56723F74D822}"
EndProject
Project("{FAE04EC0-301F-11D3-BF4B-00C04F79EFBC}") = "MemberwiseClone", "MemberwiseClone\MemberwiseClone.csproj", "{8A86D6C6-8EC0-4AC3-9227-C2D5AD70944F}"
EndProject
Project("{FAE04EC0-301F-11D3-BF4B-00C04F79EFBC}") = "CloningWithConstructor", "CloningWithConstructor\CloningWithConstructor.csproj", "{AEE25181-CA60-4D9F-841A-AA9272A33C83}"
EndProject
Project("{FAE04EC0-301F-11D3-BF4B-00C04F79EFBC}") = "Operators_01", "Operators_01\Operators_01.csproj", "{0413A4E3-6552-498C-A5EA-AAA28E3359BB}"
EndProject
Project("{FAE04EC0-301F-11D3-BF4B-00C04F79EFBC}") = "Explicit", "Explicit\Explicit.csproj", "{EF885B45-4DB6-41B0-A197-3C8C135A949E}"
EndProject
Project("{FAE04EC0-301F-11D3-BF4B-00C04F79EFBC}") = "Implicit", "Implicit\Implicit.csproj", "{9D201563-9B2B-4A40-B1A5-0D8BB86F7AE2}"
EndProject
Project("{FAE04EC0-301F-11D3-BF4B-00C04F79EFBC}") = "Anonymous_01", "Anonymous_01\Anonymous_01.csproj", "{F74474CE-054F-4E64-8F11-E290D8EB40CF}"
EndProject
Project("{FAE04EC0-301F-11D3-BF4B-00C04F79EFBC}") = "Anonymous_02", "Anonymous_02\Anonymous_02.csproj", "{D3BCFC8B-C6E1-439C-A587-313C03507B0B}"
EndProject
Project("{FAE04EC0-301F-11D3-BF4B-00C04F79EFBC}") = "Anonymous_03", "Anonymous_03\Anonymous_03.csproj", "{BE64A932-CCA7-4C88-AB4B-5E2F943B2291}"
EndProject
Project("{FAE04EC0-301F-11D3-BF4B-00C04F79EFBC}") = "Anonymous_04", "Anonymous_04\Anonymous_04.csproj", "{5D74B61A-2559-4B4D-A5E0-117406CCE7F0}"
EndProject
Project("{FAE04EC0-301F-11D3-BF4B-00C04F79EFBC}") = "Anonymous_05", "Anonymous_05\Anonymous_05.csproj", "{5BEA41D3-8358-45A5-A60E-71D6CD1E2BCD}"
EndProject
Project("{FAE04EC0-301F-11D3-BF4B-00C04F79EFBC}") = "LINQ_01", "LINQ_01\LINQ_01.csproj", "{367715F0-9767-434B-BC75-3ABC9B82D896}"
EndProject
Project("{FAE04EC0-301F-11D3-BF4B-00C04F79EFBC}") = "LINQ_02", "LINQ_02\LINQ_02.csproj", "{64D12DBA-76BE-42BB-A939-25AEF11D1BA2}"
EndProject
Project("{FAE04EC0-301F-11D3-BF4B-00C04F79EFBC}") = "LINQ_03", "LINQ_03\LINQ_03.csproj", "{6530D1B3-75A9-4E01-B850-49B155C75A66}"
EndProject
Project("{FAE04EC0-301F-11D3-BF4B-00C04F79EFBC}") = "LINQ_04", "LINQ_04\LINQ_04.csproj", "{C36433B1-BB0B-4B37-9EC5-262F7CF5EA38}"
EndProject
Project("{FAE04EC0-301F-11D3-BF4B-00C04F79EFBC}") = "LINQ_05", "LINQ_05\LINQ_05.csproj", "{6665A9C5-36D3-4BB2-B64D-8D0D2B03DF5A}"
EndProject
Project("{FAE04EC0-301F-11D3-BF4B-00C04F79EFBC}") = "LINQ_06", "LINQ_06\LINQ_06.csproj", "{B5C32992-D584-480A-ADBB-F7520234F821}"
EndProject
Project("{FAE04EC0-301F-11D3-BF4B-00C04F79EFBC}") = "LINQ_07", "LINQ_07\LINQ_07.csproj", "{6673CD24-80B5-45B6-9385-AEE13682ADBB}"
EndProject
Project("{FAE04EC0-301F-11D3-BF4B-00C04F79EFBC}") = "LINQ_08", "LINQ_08\LINQ_08.csproj", "{3AE42BC0-4507-4434-AB48-0325E9BE0020}"
EndProject
Project("{FAE04EC0-301F-11D3-BF4B-00C04F79EFBC}") = "LINQ_09", "LINQ_09\LINQ_09.csproj", "{335976CC-A876-4585-BDC1-F8088E3D1B15}"
EndProject
Project("{FAE04EC0-301F-11D3-BF4B-00C04F79EFBC}") = "LINQ_10", "LINQ_10\LINQ_10.csproj", "{DA1068B8-341C-43BA-AE63-C6FD85C4FCAF}"
EndProject
Project("{FAE04EC0-301F-11D3-BF4B-00C04F79EFBC}") = "LINQ_11", "LINQ_11\LINQ_11.csproj", "{12439E00-F081-47AF-BBCD-EB61B1E74102}"
EndProject
Project("{FAE04EC0-301F-11D3-BF4B-00C04F79EFBC}") = "LINQ_12", "LINQ_12\LINQ_12.csproj", "{6BAF98A4-97BF-4E80-B492-974559BE6037}"
EndProject
Project("{FAE04EC0-301F-11D3-BF4B-00C04F79EFBC}") = "LINQ_13", "LINQ_13\LINQ_13.csproj", "{527294D9-DF2F-4EF0-8FB1-30715A710E52}"
EndProject
Project("{FAE04EC0-301F-11D3-BF4B-00C04F79EFBC}") = "LINQ_14", "LINQ_14\LINQ_14.csproj", "{672BEF4B-4F49-4BAC-9B1F-F1F5C159B406}"
EndProject
Project("{FAE04EC0-301F-11D3-BF4B-00C04F79EFBC}") = "LINQ_15", "LINQ_15\LINQ_15.csproj", "{A40F4FF8-CE6F-4416-97B9-43616F638984}"
EndProject
Project("{FAE04EC0-301F-11D3-BF4B-00C04F79EFBC}") = "LINQ_16", "LINQ_16\LINQ_16.csproj", "{77306BE2-91BF-4F2E-BA8B-AE8CB5DEA669}"
EndProject
Project("{FAE04EC0-301F-11D3-BF4B-00C04F79EFBC}") = "Namespaces_01", "Namespaces_01\Namespaces_01.csproj", "{548CD6B7-E13E-48A4-9878-E23C2C2C411D}"
EndProject
Project("{FAE04EC0-301F-11D3-BF4B-00C04F79EFBC}") = "Namespaces_02", "Namespaces_02\Namespaces_02.csproj", "{EE686C21-C5DE-4257-B519-46030F84EB86}"
EndProject
Project("{FAE04EC0-301F-11D3-BF4B-00C04F79EFBC}") = "Namespaces_03", "Namespaces_03\Namespaces_03.csproj", "{4FB93E94-DD07-4D07-A085-3597CD3785E6}"
EndProject
Project("{FAE04EC0-301F-11D3-BF4B-00C04F79EFBC}") = "Namespaces_04", "Namespaces_04\Namespaces_04.csproj", "{88A829B7-FB53-4C3A-8F3C-813D76DF34A0}"
EndProject
Project("{FAE04EC0-301F-11D3-BF4B-00C04F79EFBC}") = "Namespaces_05", "Namespaces_05\Namespaces_05.csproj", "{85D349D1-442C-4C6F-8CED-F1655831DB93}"
EndProject
Project("{FAE04EC0-301F-11D3-BF4B-00C04F79EFBC}") = "Namespaces_06", "Namespaces_06\Namespaces_06.csproj", "{B7343231-660B-466D-A6A2-9E79358F3735}"
EndProject
Project("{FAE04EC0-301F-11D3-BF4B-00C04F79EFBC}") = "Namespaces_07", "Namespaces_07\Namespaces_07.csproj", "{44E944E1-3791-467A-A26F-CDFC50BE9F6E}"
EndProject
Project("{FAE04EC0-301F-11D3-BF4B-00C04F79EFBC}") = "Namespaces_08", "Namespaces_08\Namespaces_08.csproj", "{1F0D5B04-7024-472F-A8F3-BC9C32181A65}"
EndProject
Project("{FAE04EC0-301F-11D3-BF4B-00C04F79EFBC}") = "Namespaces_09", "Namespaces_09\Namespaces_09.csproj", "{1F692519-E767-4613-8D3F-4B346ECA7704}"
EndProject
Project("{FAE04EC0-301F-11D3-BF4B-00C04F79EFBC}") = "Namespaces_10", "Namespaces_10\Namespaces_10.csproj", "{FB8143D9-5EDE-47BC-B81B-7E45786F79E2}"
EndProject
Project("{FAE04EC0-301F-11D3-BF4B-00C04F79EFBC}") = "Namespaces_11", "Namespaces_11\Namespaces_11.csproj", "{F1E91BFA-2A2E-4A6A-B642-750A6D72C5EA}"
EndProject
Project("{FAE04EC0-301F-11D3-BF4B-00C04F79EFBC}") = "Namespaces_12", "Namespaces_12\Namespaces_12.csproj", "{64B13967-3392-4F49-9175-039E86966EA4}"
EndProject
Project("{FAE04EC0-301F-11D3-BF4B-00C04F79EFBC}") = "Namespaces_13", "Namespaces_13\Namespaces_13.csproj", "{766E7D1E-1607-4733-BEB8-9743B5FF543E}"
EndProject
Project("{FAE04EC0-301F-11D3-BF4B-00C04F79EFBC}") = "LibraryA", "LibraryA\LibraryA.csproj", "{31CCD836-0983-4A64-BC4F-B5B17FA11950}"
EndProject
Project("{FAE04EC0-301F-11D3-BF4B-00C04F79EFBC}") = "Internal", "Internal\Internal.csproj", "{FCE4B823-B92B-4E0E-868F-E89F54AB038B}"
EndProject
Project("{FAE04EC0-301F-11D3-BF4B-00C04F79EFBC}") = "PreprocessorDirectives_01", "PreprocessorDirectives_01\PreprocessorDirectives_01.csproj", "{D4B40F8E-D8AF-40C4-8A3F-FCD3C5C98413}"
EndProject
Project("{FAE04EC0-301F-11D3-BF4B-00C04F79EFBC}") = "PreprocessorDirectives_02", "PreprocessorDirectives_02\PreprocessorDirectives_02.csproj", "{D95A99C0-1D3B-4F59-831A-A4499AE86D77}"
EndProject
Project("{FAE04EC0-301F-11D3-BF4B-00C04F79EFBC}") = "PreprocessorDirectives_03", "PreprocessorDirectives_03\PreprocessorDirectives_03.csproj", "{6C30C4E6-C789-474F-9019-E7D12318DD89}"
EndProject
Project("{FAE04EC0-301F-11D3-BF4B-00C04F79EFBC}") = "PreprocessorDirectives_04", "PreprocessorDirectives_04\PreprocessorDirectives_04.csproj", "{1D2E61BD-9CED-45D7-88EC-64AD56312F85}"
EndProject
Project("{FAE04EC0-301F-11D3-BF4B-00C04F79EFBC}") = "PreprocessorDirectives_05", "PreprocessorDirectives_05\PreprocessorDirectives_05.csproj", "{38998399-FC35-4B2E-BBBD-63DB8D1EA5CF}"
EndProject
Project("{FAE04EC0-301F-11D3-BF4B-00C04F79EFBC}") = "PreprocessorDirectives_06", "PreprocessorDirectives_06\PreprocessorDirectives_06.csproj", "{718F7754-85AC-4F69-AAB3-6E6926238E55}"
EndProject
Global
	GlobalSection(SolutionConfigurationPlatforms) = preSolution
		Debug|Any CPU = Debug|Any CPU
		Release|Any CPU = Release|Any CPU
	EndGlobalSection
	GlobalSection(ProjectConfigurationPlatforms) = postSolution
		{F6DC64A0-BB43-44C8-86B8-BF841C63239E}.Debug|Any CPU.ActiveCfg = Debug|Any CPU
		{F6DC64A0-BB43-44C8-86B8-BF841C63239E}.Debug|Any CPU.Build.0 = Debug|Any CPU
		{F6DC64A0-BB43-44C8-86B8-BF841C63239E}.Release|Any CPU.ActiveCfg = Release|Any CPU
		{F6DC64A0-BB43-44C8-86B8-BF841C63239E}.Release|Any CPU.Build.0 = Release|Any CPU
		{98D0EB4A-4296-4CD7-878B-9C3B559B4627}.Debug|Any CPU.ActiveCfg = Debug|Any CPU
		{98D0EB4A-4296-4CD7-878B-9C3B559B4627}.Debug|Any CPU.Build.0 = Debug|Any CPU
		{98D0EB4A-4296-4CD7-878B-9C3B559B4627}.Release|Any CPU.ActiveCfg = Release|Any CPU
		{98D0EB4A-4296-4CD7-878B-9C3B559B4627}.Release|Any CPU.Build.0 = Release|Any CPU
		{2E208011-E877-48E9-AB76-04155B7F03AF}.Debug|Any CPU.ActiveCfg = Debug|Any CPU
		{2E208011-E877-48E9-AB76-04155B7F03AF}.Debug|Any CPU.Build.0 = Debug|Any CPU
		{2E208011-E877-48E9-AB76-04155B7F03AF}.Release|Any CPU.ActiveCfg = Release|Any CPU
		{2E208011-E877-48E9-AB76-04155B7F03AF}.Release|Any CPU.Build.0 = Release|Any CPU
		{A8C04C5A-1E07-499A-A8B5-51A3EA5D1BB4}.Debug|Any CPU.ActiveCfg = Debug|Any CPU
		{A8C04C5A-1E07-499A-A8B5-51A3EA5D1BB4}.Debug|Any CPU.Build.0 = Debug|Any CPU
		{A8C04C5A-1E07-499A-A8B5-51A3EA5D1BB4}.Release|Any CPU.ActiveCfg = Release|Any CPU
		{A8C04C5A-1E07-499A-A8B5-51A3EA5D1BB4}.Release|Any CPU.Build.0 = Release|Any CPU
		{1F2BE3FA-164C-4A98-8C23-3DD079D00961}.Debug|Any CPU.ActiveCfg = Debug|Any CPU
		{1F2BE3FA-164C-4A98-8C23-3DD079D00961}.Debug|Any CPU.Build.0 = Debug|Any CPU
		{1F2BE3FA-164C-4A98-8C23-3DD079D00961}.Release|Any CPU.ActiveCfg = Release|Any CPU
		{1F2BE3FA-164C-4A98-8C23-3DD079D00961}.Release|Any CPU.Build.0 = Release|Any CPU
		{2042A85E-654F-46C5-9C80-837EECA888F6}.Debug|Any CPU.ActiveCfg = Debug|Any CPU
		{2042A85E-654F-46C5-9C80-837EECA888F6}.Debug|Any CPU.Build.0 = Debug|Any CPU
		{2042A85E-654F-46C5-9C80-837EECA888F6}.Release|Any CPU.ActiveCfg = Release|Any CPU
		{2042A85E-654F-46C5-9C80-837EECA888F6}.Release|Any CPU.Build.0 = Release|Any CPU
		{B709E430-8FE4-47A0-B71F-89FFA0DE6248}.Debug|Any CPU.ActiveCfg = Debug|Any CPU
		{B709E430-8FE4-47A0-B71F-89FFA0DE6248}.Debug|Any CPU.Build.0 = Debug|Any CPU
		{B709E430-8FE4-47A0-B71F-89FFA0DE6248}.Release|Any CPU.ActiveCfg = Release|Any CPU
		{B709E430-8FE4-47A0-B71F-89FFA0DE6248}.Release|Any CPU.Build.0 = Release|Any CPU
		{5F8223F4-6577-47B9-9351-62B997360247}.Debug|Any CPU.ActiveCfg = Debug|Any CPU
		{5F8223F4-6577-47B9-9351-62B997360247}.Debug|Any CPU.Build.0 = Debug|Any CPU
		{5F8223F4-6577-47B9-9351-62B997360247}.Release|Any CPU.ActiveCfg = Release|Any CPU
		{5F8223F4-6577-47B9-9351-62B997360247}.Release|Any CPU.Build.0 = Release|Any CPU
		{4D93C432-012B-4B0B-804F-8C019F3B981B}.Debug|Any CPU.ActiveCfg = Debug|Any CPU
		{4D93C432-012B-4B0B-804F-8C019F3B981B}.Debug|Any CPU.Build.0 = Debug|Any CPU
		{4D93C432-012B-4B0B-804F-8C019F3B981B}.Release|Any CPU.ActiveCfg = Release|Any CPU
		{4D93C432-012B-4B0B-804F-8C019F3B981B}.Release|Any CPU.Build.0 = Release|Any CPU
		{47957B28-8309-4131-8230-D4907627BD64}.Debug|Any CPU.ActiveCfg = Debug|Any CPU
		{47957B28-8309-4131-8230-D4907627BD64}.Debug|Any CPU.Build.0 = Debug|Any CPU
		{47957B28-8309-4131-8230-D4907627BD64}.Release|Any CPU.ActiveCfg = Release|Any CPU
		{47957B28-8309-4131-8230-D4907627BD64}.Release|Any CPU.Build.0 = Release|Any CPU
		{2AEAC04B-DE47-437F-A1AE-1EA0D68D728D}.Debug|Any CPU.ActiveCfg = Debug|Any CPU
		{2AEAC04B-DE47-437F-A1AE-1EA0D68D728D}.Debug|Any CPU.Build.0 = Debug|Any CPU
		{2AEAC04B-DE47-437F-A1AE-1EA0D68D728D}.Release|Any CPU.ActiveCfg = Release|Any CPU
		{2AEAC04B-DE47-437F-A1AE-1EA0D68D728D}.Release|Any CPU.Build.0 = Release|Any CPU
		{CF0591D9-5BCD-4B30-980C-53FE34266632}.Debug|Any CPU.ActiveCfg = Debug|Any CPU
		{CF0591D9-5BCD-4B30-980C-53FE34266632}.Debug|Any CPU.Build.0 = Debug|Any CPU
		{CF0591D9-5BCD-4B30-980C-53FE34266632}.Release|Any CPU.ActiveCfg = Release|Any CPU
		{CF0591D9-5BCD-4B30-980C-53FE34266632}.Release|Any CPU.Build.0 = Release|Any CPU
		{D56E3757-652C-43E8-8A58-7ABC9D7516CD}.Debug|Any CPU.ActiveCfg = Debug|Any CPU
								{D56E3757-652C-43E8-8A58-7ABC9D7516CD}.Debug|Any CPU.Build.0 = Debug|Any CPU
								{D56E3757-652C-43E8-8A58-7ABC9D7516CD}.Release|Any CPU.ActiveCfg = Release|Any CPU
								{D56E3757-652C-43E8-8A58-7ABC9D7516CD}.Release|Any CPU.Build.0 = Release|Any CPU
								{7468B109-0643-4C1F-8FAE-37F4E063BE73}.Debug|Any CPU.ActiveCfg = Debug|Any CPU
								{7468B109-0643-4C1F-8FAE-37F4E063BE73}.Debug|Any CPU.Build.0 = Debug|Any CPU
																{7468B109-0643-4C1F-8FAE-37F4E063BE73}.Release|Any CPU.ActiveCfg = Release|Any CPU
																{7468B109-0643-4C1F-8FAE-37F4E063BE73}.Release|Any CPU.Build.0 = Release|Any CPU
		{14088551-E318-4310-9AD0-904FB5CF4E83}.Debug|Any CPU.ActiveCfg = Debug|Any CPU
		{14088551-E318-4310-9AD0-904FB5CF4E83}.Debug|Any CPU.Build.0 = Debug|Any CPU
		{14088551-E318-4310-9AD0-904FB5CF4E83}.Release|Any CPU.ActiveCfg = Release|Any CPU
		{14088551-E318-4310-9AD0-904FB5CF4E83}.Release|Any CPU.Build.0 = Release|Any CPU
		{F905900A-A675-4DD4-9405-850D28C7FC8A}.Debug|Any CPU.ActiveCfg = Debug|Any CPU
		{F905900A-A675-4DD4-9405-850D28C7FC8A}.Debug|Any CPU.Build.0 = Debug|Any CPU
		{F905900A-A675-4DD4-9405-850D28C7FC8A}.Release|Any CPU.ActiveCfg = Release|Any CPU
		{F905900A-A675-4DD4-9405-850D28C7FC8A}.Release|Any CPU.Build.0 = Release|Any CPU
		{F9273B87-C62A-4545-9CF2-A8A38230FECA}.Debug|Any CPU.ActiveCfg = Debug|Any CPU
		{F9273B87-C62A-4545-9CF2-A8A38230FECA}.Debug|Any CPU.Build.0 = Debug|Any CPU
		{F9273B87-C62A-4545-9CF2-A8A38230FECA}.Release|Any CPU.ActiveCfg = Release|Any CPU
		{F9273B87-C62A-4545-9CF2-A8A38230FECA}.Release|Any CPU.Build.0 = Release|Any CPU
		{950CC0DF-D34E-4CBE-95B0-9F77C8CAB725}.Debug|Any CPU.ActiveCfg = Debug|Any CPU
		{950CC0DF-D34E-4CBE-95B0-9F77C8CAB725}.Debug|Any CPU.Build.0 = Debug|Any CPU
		{950CC0DF-D34E-4CBE-95B0-9F77C8CAB725}.Release|Any CPU.ActiveCfg = Release|Any CPU
		{950CC0DF-D34E-4CBE-95B0-9F77C8CAB725}.Release|Any CPU.Build.0 = Release|Any CPU
		{B9800C69-D6DC-413D-B18A-7D05B0E1C232}.Debug|Any CPU.ActiveCfg = Debug|Any CPU
		{B9800C69-D6DC-413D-B18A-7D05B0E1C232}.Debug|Any CPU.Build.0 = Debug|Any CPU
		{B9800C69-D6DC-413D-B18A-7D05B0E1C232}.Release|Any CPU.ActiveCfg = Release|Any CPU
		{B9800C69-D6DC-413D-B18A-7D05B0E1C232}.Release|Any CPU.Build.0 = Release|Any CPU
		{13E3324C-964A-413D-8A16-AEE0EF913E3D}.Debug|Any CPU.ActiveCfg = Debug|Any CPU
		{13E3324C-964A-413D-8A16-AEE0EF913E3D}.Debug|Any CPU.Build.0 = Debug|Any CPU
		{13E3324C-964A-413D-8A16-AEE0EF913E3D}.Release|Any CPU.ActiveCfg = Release|Any CPU
		{13E3324C-964A-413D-8A16-AEE0EF913E3D}.Release|Any CPU.Build.0 = Release|Any CPU
		{9EAAA3AA-426A-471A-8A3E-6D13AD35130E}.Debug|Any CPU.ActiveCfg = Debug|Any CPU
		{9EAAA3AA-426A-471A-8A3E-6D13AD35130E}.Debug|Any CPU.Build.0 = Debug|Any CPU
		{9EAAA3AA-426A-471A-8A3E-6D13AD35130E}.Release|Any CPU.ActiveCfg = Release|Any CPU
		{9EAAA3AA-426A-471A-8A3E-6D13AD35130E}.Release|Any CPU.Build.0 = Release|Any CPU
		{73F53E39-C178-477B-B26B-5ED85B5B8CEE}.Debug|Any CPU.ActiveCfg = Debug|Any CPU
		{73F53E39-C178-477B-B26B-5ED85B5B8CEE}.Debug|Any CPU.Build.0 = Debug|Any CPU
		{73F53E39-C178-477B-B26B-5ED85B5B8CEE}.Release|Any CPU.ActiveCfg = Release|Any CPU
		{73F53E39-C178-477B-B26B-5ED85B5B8CEE}.Release|Any CPU.Build.0 = Release|Any CPU
		{47C4CD99-86EC-405B-957E-0A26BBF23502}.Debug|Any CPU.ActiveCfg = Debug|Any CPU
		{47C4CD99-86EC-405B-957E-0A26BBF23502}.Debug|Any CPU.Build.0 = Debug|Any CPU
		{47C4CD99-86EC-405B-957E-0A26BBF23502}.Release|Any CPU.ActiveCfg = Release|Any CPU
		{47C4CD99-86EC-405B-957E-0A26BBF23502}.Release|Any CPU.Build.0 = Release|Any CPU
		{887C88D4-5782-415F-B419-36F3DE5FFDED}.Debug|Any CPU.ActiveCfg = Debug|Any CPU
		{887C88D4-5782-415F-B419-36F3DE5FFDED}.Debug|Any CPU.Build.0 = Debug|Any CPU
		{887C88D4-5782-415F-B419-36F3DE5FFDED}.Release|Any CPU.ActiveCfg = Release|Any CPU
		{887C88D4-5782-415F-B419-36F3DE5FFDED}.Release|Any CPU.Build.0 = Release|Any CPU
		{57917AE6-D916-4806-ADE4-CE89FB85EF1B}.Debug|Any CPU.ActiveCfg = Debug|Any CPU
		{57917AE6-D916-4806-ADE4-CE89FB85EF1B}.Debug|Any CPU.Build.0 = Debug|Any CPU
		{57917AE6-D916-4806-ADE4-CE89FB85EF1B}.Release|Any CPU.ActiveCfg = Release|Any CPU
		{57917AE6-D916-4806-ADE4-CE89FB85EF1B}.Release|Any CPU.Build.0 = Release|Any CPU
		{F7AE0C39-BFB8-4BBC-890C-5DA19833194E}.Debug|Any CPU.ActiveCfg = Debug|Any CPU
		{F7AE0C39-BFB8-4BBC-890C-5DA19833194E}.Debug|Any CPU.Build.0 = Debug|Any CPU
		{F7AE0C39-BFB8-4BBC-890C-5DA19833194E}.Release|Any CPU.ActiveCfg = Release|Any CPU
		{F7AE0C39-BFB8-4BBC-890C-5DA19833194E}.Release|Any CPU.Build.0 = Release|Any CPU
		{9272F89E-7145-4CA3-B56E-25AF8FFAAC81}.Debug|Any CPU.ActiveCfg = Debug|Any CPU
		{9272F89E-7145-4CA3-B56E-25AF8FFAAC81}.Debug|Any CPU.Build.0 = Debug|Any CPU
		{9272F89E-7145-4CA3-B56E-25AF8FFAAC81}.Release|Any CPU.ActiveCfg = Release|Any CPU
		{9272F89E-7145-4CA3-B56E-25AF8FFAAC81}.Release|Any CPU.Build.0 = Release|Any CPU
		{FBC84FED-83D1-443D-B035-1CEC4EF5AA9D}.Debug|Any CPU.ActiveCfg = Debug|Any CPU
		{FBC84FED-83D1-443D-B035-1CEC4EF5AA9D}.Debug|Any CPU.Build.0 = Debug|Any CPU
		{FBC84FED-83D1-443D-B035-1CEC4EF5AA9D}.Release|Any CPU.ActiveCfg = Release|Any CPU
		{FBC84FED-83D1-443D-B035-1CEC4EF5AA9D}.Release|Any CPU.Build.0 = Release|Any CPU
		{CBA2CE9E-9025-45FB-970D-D1C3C12E33FF}.Debug|Any CPU.ActiveCfg = Debug|Any CPU
		{CBA2CE9E-9025-45FB-970D-D1C3C12E33FF}.Debug|Any CPU.Build.0 = Debug|Any CPU
		{CBA2CE9E-9025-45FB-970D-D1C3C12E33FF}.Release|Any CPU.ActiveCfg = Release|Any CPU
		{CBA2CE9E-9025-45FB-970D-D1C3C12E33FF}.Release|Any CPU.Build.0 = Release|Any CPU
		{A3062ADA-A896-47CB-8CE7-4E7AAB3C16B1}.Debug|Any CPU.ActiveCfg = Debug|Any CPU
		{A3062ADA-A896-47CB-8CE7-4E7AAB3C16B1}.Debug|Any CPU.Build.0 = Debug|Any CPU
		{A3062ADA-A896-47CB-8CE7-4E7AAB3C16B1}.Release|Any CPU.ActiveCfg = Release|Any CPU
		{A3062ADA-A896-47CB-8CE7-4E7AAB3C16B1}.Release|Any CPU.Build.0 = Release|Any CPU
		{1F15918A-AD7E-41D7-A1DB-B2AF9981244F}.Debug|Any CPU.ActiveCfg = Debug|Any CPU
		{1F15918A-AD7E-41D7-A1DB-B2AF9981244F}.Debug|Any CPU.Build.0 = Debug|Any CPU
		{1F15918A-AD7E-41D7-A1DB-B2AF9981244F}.Release|Any CPU.ActiveCfg = Release|Any CPU
		{1F15918A-AD7E-41D7-A1DB-B2AF9981244F}.Release|Any CPU.Build.0 = Release|Any CPU
		{09C94D6F-50B8-4896-9E8C-43D7280659A1}.Debug|Any CPU.ActiveCfg = Debug|Any CPU
		{09C94D6F-50B8-4896-9E8C-43D7280659A1}.Debug|Any CPU.Build.0 = Debug|Any CPU
		{09C94D6F-50B8-4896-9E8C-43D7280659A1}.Release|Any CPU.ActiveCfg = Release|Any CPU
		{09C94D6F-50B8-4896-9E8C-43D7280659A1}.Release|Any CPU.Build.0 = Release|Any CPU
		{CCBEE416-9266-49A8-801B-93B8B3570335}.Debug|Any CPU.ActiveCfg = Debug|Any CPU
		{CCBEE416-9266-49A8-801B-93B8B3570335}.Debug|Any CPU.Build.0 = Debug|Any CPU
		{CCBEE416-9266-49A8-801B-93B8B3570335}.Release|Any CPU.ActiveCfg = Release|Any CPU
		{CCBEE416-9266-49A8-801B-93B8B3570335}.Release|Any CPU.Build.0 = Release|Any CPU
		{39AD7667-0DB0-4A7B-92D1-691852C0926B}.Debug|Any CPU.ActiveCfg = Debug|Any CPU
		{39AD7667-0DB0-4A7B-92D1-691852C0926B}.Debug|Any CPU.Build.0 = Debug|Any CPU
		{39AD7667-0DB0-4A7B-92D1-691852C0926B}.Release|Any CPU.ActiveCfg = Release|Any CPU
		{39AD7667-0DB0-4A7B-92D1-691852C0926B}.Release|Any CPU.Build.0 = Release|Any CPU
		{154FB410-A11F-4C3F-A50E-B7C3360FB7D8}.Debug|Any CPU.ActiveCfg = Debug|Any CPU
		{154FB410-A11F-4C3F-A50E-B7C3360FB7D8}.Debug|Any CPU.Build.0 = Debug|Any CPU
		{154FB410-A11F-4C3F-A50E-B7C3360FB7D8}.Release|Any CPU.ActiveCfg = Release|Any CPU
		{154FB410-A11F-4C3F-A50E-B7C3360FB7D8}.Release|Any CPU.Build.0 = Release|Any CPU
		{FAABA3B2-6697-4497-A328-27C9FEDE9FE1}.Debug|Any CPU.ActiveCfg = Debug|Any CPU
		{FAABA3B2-6697-4497-A328-27C9FEDE9FE1}.Debug|Any CPU.Build.0 = Debug|Any CPU
		{FAABA3B2-6697-4497-A328-27C9FEDE9FE1}.Release|Any CPU.ActiveCfg = Release|Any CPU
		{FAABA3B2-6697-4497-A328-27C9FEDE9FE1}.Release|Any CPU.Build.0 = Release|Any CPU
		{1BE15F50-AAAA-4AC1-BF2F-870975278A4F}.Debug|Any CPU.ActiveCfg = Debug|Any CPU
		{1BE15F50-AAAA-4AC1-BF2F-870975278A4F}.Debug|Any CPU.Build.0 = Debug|Any CPU
		{1BE15F50-AAAA-4AC1-BF2F-870975278A4F}.Release|Any CPU.ActiveCfg = Release|Any CPU
		{1BE15F50-AAAA-4AC1-BF2F-870975278A4F}.Release|Any CPU.Build.0 = Release|Any CPU
		{ECFA5887-8379-4A23-A6CB-2C10D56E9AB9}.Debug|Any CPU.ActiveCfg = Debug|Any CPU
		{ECFA5887-8379-4A23-A6CB-2C10D56E9AB9}.Debug|Any CPU.Build.0 = Debug|Any CPU
		{ECFA5887-8379-4A23-A6CB-2C10D56E9AB9}.Release|Any CPU.ActiveCfg = Release|Any CPU
		{ECFA5887-8379-4A23-A6CB-2C10D56E9AB9}.Release|Any CPU.Build.0 = Release|Any CPU
		{C9F02771-7D55-4F1E-8ACB-73CE791D7A6D}.Debug|Any CPU.ActiveCfg = Debug|Any CPU
		{C9F02771-7D55-4F1E-8ACB-73CE791D7A6D}.Debug|Any CPU.Build.0 = Debug|Any CPU
		{C9F02771-7D55-4F1E-8ACB-73CE791D7A6D}.Release|Any CPU.ActiveCfg = Release|Any CPU
		{C9F02771-7D55-4F1E-8ACB-73CE791D7A6D}.Release|Any CPU.Build.0 = Release|Any CPU
		{B0821047-7022-488C-BEC8-EBA95F30FBD6}.Debug|Any CPU.ActiveCfg = Debug|Any CPU
		{B0821047-7022-488C-BEC8-EBA95F30FBD6}.Debug|Any CPU.Build.0 = Debug|Any CPU
		{B0821047-7022-488C-BEC8-EBA95F30FBD6}.Release|Any CPU.ActiveCfg = Release|Any CPU
		{B0821047-7022-488C-BEC8-EBA95F30FBD6}.Release|Any CPU.Build.0 = Release|Any CPU
		{B5FA525E-6047-4C2F-9366-B6909BEB1782}.Debug|Any CPU.ActiveCfg = Debug|Any CPU
		{B5FA525E-6047-4C2F-9366-B6909BEB1782}.Debug|Any CPU.Build.0 = Debug|Any CPU
		{B5FA525E-6047-4C2F-9366-B6909BEB1782}.Release|Any CPU.ActiveCfg = Release|Any CPU
		{B5FA525E-6047-4C2F-9366-B6909BEB1782}.Release|Any CPU.Build.0 = Release|Any CPU
		{D6A9A55E-A871-41E1-801C-69550BB85FE7}.Debug|Any CPU.ActiveCfg = Debug|Any CPU
		{D6A9A55E-A871-41E1-801C-69550BB85FE7}.Debug|Any CPU.Build.0 = Debug|Any CPU
		{D6A9A55E-A871-41E1-801C-69550BB85FE7}.Release|Any CPU.ActiveCfg = Release|Any CPU
		{D6A9A55E-A871-41E1-801C-69550BB85FE7}.Release|Any CPU.Build.0 = Release|Any CPU
		{4A215F85-3953-4D90-86EF-48F99F7C7962}.Debug|Any CPU.ActiveCfg = Debug|Any CPU
		{4A215F85-3953-4D90-86EF-48F99F7C7962}.Debug|Any CPU.Build.0 = Debug|Any CPU
		{4A215F85-3953-4D90-86EF-48F99F7C7962}.Release|Any CPU.ActiveCfg = Release|Any CPU
		{4A215F85-3953-4D90-86EF-48F99F7C7962}.Release|Any CPU.Build.0 = Release|Any CPU
		{2A499147-50D1-4E82-A0CC-EE0D918F3FB7}.Debug|Any CPU.ActiveCfg = Debug|Any CPU
		{2A499147-50D1-4E82-A0CC-EE0D918F3FB7}.Debug|Any CPU.Build.0 = Debug|Any CPU
		{2A499147-50D1-4E82-A0CC-EE0D918F3FB7}.Release|Any CPU.ActiveCfg = Release|Any CPU
		{2A499147-50D1-4E82-A0CC-EE0D918F3FB7}.Release|Any CPU.Build.0 = Release|Any CPU
		{E39137BB-A315-4D46-B83E-498CCD914D38}.Debug|Any CPU.ActiveCfg = Debug|Any CPU
		{E39137BB-A315-4D46-B83E-498CCD914D38}.Debug|Any CPU.Build.0 = Debug|Any CPU
		{E39137BB-A315-4D46-B83E-498CCD914D38}.Release|Any CPU.ActiveCfg = Release|Any CPU
		{E39137BB-A315-4D46-B83E-498CCD914D38}.Release|Any CPU.Build.0 = Release|Any CPU
		{6754CA06-B16A-4527-981D-9AC6D897F627}.Debug|Any CPU.ActiveCfg = Debug|Any CPU
		{6754CA06-B16A-4527-981D-9AC6D897F627}.Debug|Any CPU.Build.0 = Debug|Any CPU
		{6754CA06-B16A-4527-981D-9AC6D897F627}.Release|Any CPU.ActiveCfg = Release|Any CPU
		{6754CA06-B16A-4527-981D-9AC6D897F627}.Release|Any CPU.Build.0 = Release|Any CPU
		{9AA84C58-AA74-4A87-9709-E1BAD8A943B0}.Debug|Any CPU.ActiveCfg = Debug|Any CPU
		{9AA84C58-AA74-4A87-9709-E1BAD8A943B0}.Debug|Any CPU.Build.0 = Debug|Any CPU
		{9AA84C58-AA74-4A87-9709-E1BAD8A943B0}.Release|Any CPU.ActiveCfg = Release|Any CPU
		{9AA84C58-AA74-4A87-9709-E1BAD8A943B0}.Release|Any CPU.Build.0 = Release|Any CPU
		{1B5FCA6D-A6E4-4079-AA9D-5E2E537E3C96}.Debug|Any CPU.ActiveCfg = Debug|Any CPU
		{1B5FCA6D-A6E4-4079-AA9D-5E2E537E3C96}.Debug|Any CPU.Build.0 = Debug|Any CPU
		{1B5FCA6D-A6E4-4079-AA9D-5E2E537E3C96}.Release|Any CPU.ActiveCfg = Release|Any CPU
		{1B5FCA6D-A6E4-4079-AA9D-5E2E537E3C96}.Release|Any CPU.Build.0 = Release|Any CPU
		{A70CC1E2-642C-4865-A5D1-3C72D9C54CDC}.Debug|Any CPU.ActiveCfg = Debug|Any CPU
		{A70CC1E2-642C-4865-A5D1-3C72D9C54CDC}.Debug|Any CPU.Build.0 = Debug|Any CPU
		{A70CC1E2-642C-4865-A5D1-3C72D9C54CDC}.Release|Any CPU.ActiveCfg = Release|Any CPU
		{A70CC1E2-642C-4865-A5D1-3C72D9C54CDC}.Release|Any CPU.Build.0 = Release|Any CPU
		{F81EE687-96CE-47FB-9B95-B282E4C3126C}.Debug|Any CPU.ActiveCfg = Debug|Any CPU
		{F81EE687-96CE-47FB-9B95-B282E4C3126C}.Debug|Any CPU.Build.0 = Debug|Any CPU
		{F81EE687-96CE-47FB-9B95-B282E4C3126C}.Release|Any CPU.ActiveCfg = Release|Any CPU
		{F81EE687-96CE-47FB-9B95-B282E4C3126C}.Release|Any CPU.Build.0 = Release|Any CPU
		{522F5BB0-D81E-476D-BD47-C3864E8B8D03}.Debug|Any CPU.ActiveCfg = Debug|Any CPU
		{522F5BB0-D81E-476D-BD47-C3864E8B8D03}.Debug|Any CPU.Build.0 = Debug|Any CPU
		{522F5BB0-D81E-476D-BD47-C3864E8B8D03}.Release|Any CPU.ActiveCfg = Release|Any CPU
		{522F5BB0-D81E-476D-BD47-C3864E8B8D03}.Release|Any CPU.Build.0 = Release|Any CPU
		{1101A141-D3E6-445B-8519-4A04A9C85ACC}.Debug|Any CPU.ActiveCfg = Debug|Any CPU
		{1101A141-D3E6-445B-8519-4A04A9C85ACC}.Debug|Any CPU.Build.0 = Debug|Any CPU
		{1101A141-D3E6-445B-8519-4A04A9C85ACC}.Release|Any CPU.ActiveCfg = Release|Any CPU
		{1101A141-D3E6-445B-8519-4A04A9C85ACC}.Release|Any CPU.Build.0 = Release|Any CPU
		{E22EDA0E-872A-4315-8410-23D38BAD9BC0}.Debug|Any CPU.ActiveCfg = Debug|Any CPU
		{E22EDA0E-872A-4315-8410-23D38BAD9BC0}.Debug|Any CPU.Build.0 = Debug|Any CPU
		{E22EDA0E-872A-4315-8410-23D38BAD9BC0}.Release|Any CPU.ActiveCfg = Release|Any CPU
		{E22EDA0E-872A-4315-8410-23D38BAD9BC0}.Release|Any CPU.Build.0 = Release|Any CPU
		{A156952C-6E85-4F00-BF28-BED9A88490C3}.Debug|Any CPU.ActiveCfg = Debug|Any CPU
		{A156952C-6E85-4F00-BF28-BED9A88490C3}.Debug|Any CPU.Build.0 = Debug|Any CPU
		{A156952C-6E85-4F00-BF28-BED9A88490C3}.Release|Any CPU.ActiveCfg = Release|Any CPU
		{A156952C-6E85-4F00-BF28-BED9A88490C3}.Release|Any CPU.Build.0 = Release|Any CPU
		{2927DCD0-8A4C-4E1C-B21F-D73541589485}.Debug|Any CPU.ActiveCfg = Debug|Any CPU
		{2927DCD0-8A4C-4E1C-B21F-D73541589485}.Debug|Any CPU.Build.0 = Debug|Any CPU
		{2927DCD0-8A4C-4E1C-B21F-D73541589485}.Release|Any CPU.ActiveCfg = Release|Any CPU
		{2927DCD0-8A4C-4E1C-B21F-D73541589485}.Release|Any CPU.Build.0 = Release|Any CPU
		{C562A818-6228-4D4D-9B6E-6C0D1A71C66C}.Debug|Any CPU.ActiveCfg = Debug|Any CPU
		{C562A818-6228-4D4D-9B6E-6C0D1A71C66C}.Debug|Any CPU.Build.0 = Debug|Any CPU
		{C562A818-6228-4D4D-9B6E-6C0D1A71C66C}.Release|Any CPU.ActiveCfg = Release|Any CPU
		{C562A818-6228-4D4D-9B6E-6C0D1A71C66C}.Release|Any CPU.Build.0 = Release|Any CPU
		{4F4710FE-C8D5-434C-929A-A625AA330A4D}.Debug|Any CPU.ActiveCfg = Debug|Any CPU
		{4F4710FE-C8D5-434C-929A-A625AA330A4D}.Debug|Any CPU.Build.0 = Debug|Any CPU
		{4F4710FE-C8D5-434C-929A-A625AA330A4D}.Release|Any CPU.ActiveCfg = Release|Any CPU
		{4F4710FE-C8D5-434C-929A-A625AA330A4D}.Release|Any CPU.Build.0 = Release|Any CPU
		{AA16B4F6-D697-4229-93EA-0B9BB5E79ACB}.Debug|Any CPU.ActiveCfg = Debug|Any CPU
		{AA16B4F6-D697-4229-93EA-0B9BB5E79ACB}.Debug|Any CPU.Build.0 = Debug|Any CPU
		{AA16B4F6-D697-4229-93EA-0B9BB5E79ACB}.Release|Any CPU.ActiveCfg = Release|Any CPU
		{AA16B4F6-D697-4229-93EA-0B9BB5E79ACB}.Release|Any CPU.Build.0 = Release|Any CPU
		{4B157DE2-8E27-4736-9E45-6D90242A6F54}.Debug|Any CPU.ActiveCfg = Debug|Any CPU
		{4B157DE2-8E27-4736-9E45-6D90242A6F54}.Debug|Any CPU.Build.0 = Debug|Any CPU
		{4B157DE2-8E27-4736-9E45-6D90242A6F54}.Release|Any CPU.ActiveCfg = Release|Any CPU
		{4B157DE2-8E27-4736-9E45-6D90242A6F54}.Release|Any CPU.Build.0 = Release|Any CPU
		{3A21A6CC-FAB6-4B0E-95C9-646F6A6E255B}.Debug|Any CPU.ActiveCfg = Debug|Any CPU
		{3A21A6CC-FAB6-4B0E-95C9-646F6A6E255B}.Debug|Any CPU.Build.0 = Debug|Any CPU
		{3A21A6CC-FAB6-4B0E-95C9-646F6A6E255B}.Release|Any CPU.ActiveCfg = Release|Any CPU
		{3A21A6CC-FAB6-4B0E-95C9-646F6A6E255B}.Release|Any CPU.Build.0 = Release|Any CPU
		{55FDC1AD-BB27-46E5-82F5-63923F582637}.Debug|Any CPU.ActiveCfg = Debug|Any CPU
		{55FDC1AD-BB27-46E5-82F5-63923F582637}.Debug|Any CPU.Build.0 = Debug|Any CPU
		{55FDC1AD-BB27-46E5-82F5-63923F582637}.Release|Any CPU.ActiveCfg = Release|Any CPU
		{55FDC1AD-BB27-46E5-82F5-63923F582637}.Release|Any CPU.Build.0 = Release|Any CPU
		{CFCAAAF1-3FF0-4B51-9DE3-1F7564E318BD}.Debug|Any CPU.ActiveCfg = Debug|Any CPU
		{CFCAAAF1-3FF0-4B51-9DE3-1F7564E318BD}.Debug|Any CPU.Build.0 = Debug|Any CPU
		{CFCAAAF1-3FF0-4B51-9DE3-1F7564E318BD}.Release|Any CPU.ActiveCfg = Release|Any CPU
		{CFCAAAF1-3FF0-4B51-9DE3-1F7564E318BD}.Release|Any CPU.Build.0 = Release|Any CPU
		{07ECD665-C180-4F5F-BFB2-8F8BC4C43EAE}.Debug|Any CPU.ActiveCfg = Debug|Any CPU
		{07ECD665-C180-4F5F-BFB2-8F8BC4C43EAE}.Debug|Any CPU.Build.0 = Debug|Any CPU
		{07ECD665-C180-4F5F-BFB2-8F8BC4C43EAE}.Release|Any CPU.ActiveCfg = Release|Any CPU
		{07ECD665-C180-4F5F-BFB2-8F8BC4C43EAE}.Release|Any CPU.Build.0 = Release|Any CPU
		{8C22E978-F9C6-4F22-ACD2-48915A906F77}.Debug|Any CPU.ActiveCfg = Debug|Any CPU
		{8C22E978-F9C6-4F22-ACD2-48915A906F77}.Debug|Any CPU.Build.0 = Debug|Any CPU
		{8C22E978-F9C6-4F22-ACD2-48915A906F77}.Release|Any CPU.ActiveCfg = Release|Any CPU
		{8C22E978-F9C6-4F22-ACD2-48915A906F77}.Release|Any CPU.Build.0 = Release|Any CPU
		{5E229128-9390-4FA0-A042-CAEC9B75FC9F}.Debug|Any CPU.ActiveCfg = Debug|Any CPU
		{5E229128-9390-4FA0-A042-CAEC9B75FC9F}.Debug|Any CPU.Build.0 = Debug|Any CPU
		{5E229128-9390-4FA0-A042-CAEC9B75FC9F}.Release|Any CPU.ActiveCfg = Release|Any CPU
		{5E229128-9390-4FA0-A042-CAEC9B75FC9F}.Release|Any CPU.Build.0 = Release|Any CPU
		{639E308C-D506-470A-98BD-F678D81970D9}.Debug|Any CPU.ActiveCfg = Debug|Any CPU
		{639E308C-D506-470A-98BD-F678D81970D9}.Debug|Any CPU.Build.0 = Debug|Any CPU
		{639E308C-D506-470A-98BD-F678D81970D9}.Release|Any CPU.ActiveCfg = Release|Any CPU
		{639E308C-D506-470A-98BD-F678D81970D9}.Release|Any CPU.Build.0 = Release|Any CPU
		{4C485AFC-98D2-4EDA-82C4-FCD58E154C96}.Debug|Any CPU.ActiveCfg = Debug|Any CPU
		{4C485AFC-98D2-4EDA-82C4-FCD58E154C96}.Debug|Any CPU.Build.0 = Debug|Any CPU
		{4C485AFC-98D2-4EDA-82C4-FCD58E154C96}.Release|Any CPU.ActiveCfg = Release|Any CPU
		{4C485AFC-98D2-4EDA-82C4-FCD58E154C96}.Release|Any CPU.Build.0 = Release|Any CPU
		{0DAB78E0-A4AB-48AB-A66B-F2ADBC9417C6}.Debug|Any CPU.ActiveCfg = Debug|Any CPU
		{0DAB78E0-A4AB-48AB-A66B-F2ADBC9417C6}.Debug|Any CPU.Build.0 = Debug|Any CPU
		{0DAB78E0-A4AB-48AB-A66B-F2ADBC9417C6}.Release|Any CPU.ActiveCfg = Release|Any CPU
		{0DAB78E0-A4AB-48AB-A66B-F2ADBC9417C6}.Release|Any CPU.Build.0 = Release|Any CPU
		{779CD4CD-7CE5-4693-8F4D-52A280163FB1}.Debug|Any CPU.ActiveCfg = Debug|Any CPU
		{779CD4CD-7CE5-4693-8F4D-52A280163FB1}.Debug|Any CPU.Build.0 = Debug|Any CPU
		{779CD4CD-7CE5-4693-8F4D-52A280163FB1}.Release|Any CPU.ActiveCfg = Release|Any CPU
		{779CD4CD-7CE5-4693-8F4D-52A280163FB1}.Release|Any CPU.Build.0 = Release|Any CPU
		{B3ACCADD-EDFE-4495-96D5-EB1A4BEE4084}.Debug|Any CPU.ActiveCfg = Debug|Any CPU
		{B3ACCADD-EDFE-4495-96D5-EB1A4BEE4084}.Debug|Any CPU.Build.0 = Debug|Any CPU
		{B3ACCADD-EDFE-4495-96D5-EB1A4BEE4084}.Release|Any CPU.ActiveCfg = Release|Any CPU
		{B3ACCADD-EDFE-4495-96D5-EB1A4BEE4084}.Release|Any CPU.Build.0 = Release|Any CPU
		{E922F4D1-E5CA-4B82-8BFD-443432576A8F}.Debug|Any CPU.ActiveCfg = Debug|Any CPU
		{E922F4D1-E5CA-4B82-8BFD-443432576A8F}.Debug|Any CPU.Build.0 = Debug|Any CPU
		{E922F4D1-E5CA-4B82-8BFD-443432576A8F}.Release|Any CPU.ActiveCfg = Release|Any CPU
		{E922F4D1-E5CA-4B82-8BFD-443432576A8F}.Release|Any CPU.Build.0 = Release|Any CPU
		{9D7285A8-0D76-424B-A98F-34480C9E3F3A}.Debug|Any CPU.ActiveCfg = Debug|Any CPU
		{9D7285A8-0D76-424B-A98F-34480C9E3F3A}.Debug|Any CPU.Build.0 = Debug|Any CPU
		{9D7285A8-0D76-424B-A98F-34480C9E3F3A}.Release|Any CPU.ActiveCfg = Release|Any CPU
		{9D7285A8-0D76-424B-A98F-34480C9E3F3A}.Release|Any CPU.Build.0 = Release|Any CPU
		{06495E5B-0329-4258-8303-6C28E72EC4C7}.Debug|Any CPU.ActiveCfg = Debug|Any CPU
		{06495E5B-0329-4258-8303-6C28E72EC4C7}.Debug|Any CPU.Build.0 = Debug|Any CPU
		{06495E5B-0329-4258-8303-6C28E72EC4C7}.Release|Any CPU.ActiveCfg = Release|Any CPU
		{06495E5B-0329-4258-8303-6C28E72EC4C7}.Release|Any CPU.Build.0 = Release|Any CPU
		{F638F042-1DA4-4917-81A5-C48A8E41C238}.Debug|Any CPU.ActiveCfg = Debug|Any CPU
		{F638F042-1DA4-4917-81A5-C48A8E41C238}.Debug|Any CPU.Build.0 = Debug|Any CPU
		{F638F042-1DA4-4917-81A5-C48A8E41C238}.Release|Any CPU.ActiveCfg = Release|Any CPU
		{F638F042-1DA4-4917-81A5-C48A8E41C238}.Release|Any CPU.Build.0 = Release|Any CPU
		{CDB99614-7805-44BD-A0F9-599C8BF135A4}.Debug|Any CPU.ActiveCfg = Debug|Any CPU
		{CDB99614-7805-44BD-A0F9-599C8BF135A4}.Debug|Any CPU.Build.0 = Debug|Any CPU
		{CDB99614-7805-44BD-A0F9-599C8BF135A4}.Release|Any CPU.ActiveCfg = Release|Any CPU
		{CDB99614-7805-44BD-A0F9-599C8BF135A4}.Release|Any CPU.Build.0 = Release|Any CPU
		{636D4A7E-20AD-4246-A12C-5D1EEAA33DA4}.Debug|Any CPU.ActiveCfg = Debug|Any CPU
		{636D4A7E-20AD-4246-A12C-5D1EEAA33DA4}.Debug|Any CPU.Build.0 = Debug|Any CPU
		{636D4A7E-20AD-4246-A12C-5D1EEAA33DA4}.Release|Any CPU.ActiveCfg = Release|Any CPU
		{636D4A7E-20AD-4246-A12C-5D1EEAA33DA4}.Release|Any CPU.Build.0 = Release|Any CPU
		{5555F412-6193-4386-A3F8-B077D8D6C0AB}.Debug|Any CPU.ActiveCfg = Debug|Any CPU
		{5555F412-6193-4386-A3F8-B077D8D6C0AB}.Debug|Any CPU.Build.0 = Debug|Any CPU
		{5555F412-6193-4386-A3F8-B077D8D6C0AB}.Release|Any CPU.ActiveCfg = Release|Any CPU
		{5555F412-6193-4386-A3F8-B077D8D6C0AB}.Release|Any CPU.Build.0 = Release|Any CPU
		{9C1F28A9-B32B-4F75-BE4D-972FF4B28E44}.Debug|Any CPU.ActiveCfg = Debug|Any CPU
		{9C1F28A9-B32B-4F75-BE4D-972FF4B28E44}.Debug|Any CPU.Build.0 = Debug|Any CPU
		{9C1F28A9-B32B-4F75-BE4D-972FF4B28E44}.Release|Any CPU.ActiveCfg = Release|Any CPU
		{9C1F28A9-B32B-4F75-BE4D-972FF4B28E44}.Release|Any CPU.Build.0 = Release|Any CPU
		{8B7C95B1-91DB-420B-9BB9-18EB368AFFA3}.Debug|Any CPU.ActiveCfg = Debug|Any CPU
		{8B7C95B1-91DB-420B-9BB9-18EB368AFFA3}.Debug|Any CPU.Build.0 = Debug|Any CPU
		{8B7C95B1-91DB-420B-9BB9-18EB368AFFA3}.Release|Any CPU.ActiveCfg = Release|Any CPU
		{8B7C95B1-91DB-420B-9BB9-18EB368AFFA3}.Release|Any CPU.Build.0 = Release|Any CPU
		{1240EF21-6C4E-4DF0-BD78-7B9EE844105C}.Debug|Any CPU.ActiveCfg = Debug|Any CPU
		{1240EF21-6C4E-4DF0-BD78-7B9EE844105C}.Debug|Any CPU.Build.0 = Debug|Any CPU
		{1240EF21-6C4E-4DF0-BD78-7B9EE844105C}.Release|Any CPU.ActiveCfg = Release|Any CPU
		{1240EF21-6C4E-4DF0-BD78-7B9EE844105C}.Release|Any CPU.Build.0 = Release|Any CPU
		{9007D2C6-BCEF-4CF8-84CA-916C2C41C8B5}.Debug|Any CPU.ActiveCfg = Debug|Any CPU
		{9007D2C6-BCEF-4CF8-84CA-916C2C41C8B5}.Debug|Any CPU.Build.0 = Debug|Any CPU
		{9007D2C6-BCEF-4CF8-84CA-916C2C41C8B5}.Release|Any CPU.ActiveCfg = Release|Any CPU
		{9007D2C6-BCEF-4CF8-84CA-916C2C41C8B5}.Release|Any CPU.Build.0 = Release|Any CPU
		{852D68D2-AD4B-4DFB-9416-1CD92B9196D6}.Debug|Any CPU.ActiveCfg = Debug|Any CPU
		{852D68D2-AD4B-4DFB-9416-1CD92B9196D6}.Debug|Any CPU.Build.0 = Debug|Any CPU
		{852D68D2-AD4B-4DFB-9416-1CD92B9196D6}.Release|Any CPU.ActiveCfg = Release|Any CPU
		{852D68D2-AD4B-4DFB-9416-1CD92B9196D6}.Release|Any CPU.Build.0 = Release|Any CPU
		{9EB2DE0C-06C5-468F-975D-4E78ADA63575}.Debug|Any CPU.ActiveCfg = Debug|Any CPU
		{9EB2DE0C-06C5-468F-975D-4E78ADA63575}.Debug|Any CPU.Build.0 = Debug|Any CPU
		{9EB2DE0C-06C5-468F-975D-4E78ADA63575}.Release|Any CPU.ActiveCfg = Release|Any CPU
		{9EB2DE0C-06C5-468F-975D-4E78ADA63575}.Release|Any CPU.Build.0 = Release|Any CPU
		{A0BB488B-2FE9-4ADB-B541-12A226BB706B}.Debug|Any CPU.ActiveCfg = Debug|Any CPU
		{A0BB488B-2FE9-4ADB-B541-12A226BB706B}.Debug|Any CPU.Build.0 = Debug|Any CPU
		{A0BB488B-2FE9-4ADB-B541-12A226BB706B}.Release|Any CPU.ActiveCfg = Release|Any CPU
		{A0BB488B-2FE9-4ADB-B541-12A226BB706B}.Release|Any CPU.Build.0 = Release|Any CPU
		{74405842-34FB-47D7-9736-F5C82AF3DE48}.Debug|Any CPU.ActiveCfg = Debug|Any CPU
		{74405842-34FB-47D7-9736-F5C82AF3DE48}.Debug|Any CPU.Build.0 = Debug|Any CPU
		{74405842-34FB-47D7-9736-F5C82AF3DE48}.Release|Any CPU.ActiveCfg = Release|Any CPU
		{74405842-34FB-47D7-9736-F5C82AF3DE48}.Release|Any CPU.Build.0 = Release|Any CPU
		{C95FD9EA-3B10-423C-8B4D-282AEFAFCB0F}.Debug|Any CPU.ActiveCfg = Debug|Any CPU
		{C95FD9EA-3B10-423C-8B4D-282AEFAFCB0F}.Debug|Any CPU.Build.0 = Debug|Any CPU
		{C95FD9EA-3B10-423C-8B4D-282AEFAFCB0F}.Release|Any CPU.ActiveCfg = Release|Any CPU
		{C95FD9EA-3B10-423C-8B4D-282AEFAFCB0F}.Release|Any CPU.Build.0 = Release|Any CPU
		{ECC92854-16FE-4E9C-B49E-F2F4E1B50D61}.Debug|Any CPU.ActiveCfg = Debug|Any CPU
		{ECC92854-16FE-4E9C-B49E-F2F4E1B50D61}.Debug|Any CPU.Build.0 = Debug|Any CPU
		{ECC92854-16FE-4E9C-B49E-F2F4E1B50D61}.Release|Any CPU.ActiveCfg = Release|Any CPU
		{ECC92854-16FE-4E9C-B49E-F2F4E1B50D61}.Release|Any CPU.Build.0 = Release|Any CPU
		{00A4F2C5-0CC3-4A93-8CB1-85C5CC1DE3AF}.Debug|Any CPU.ActiveCfg = Debug|Any CPU
		{00A4F2C5-0CC3-4A93-8CB1-85C5CC1DE3AF}.Debug|Any CPU.Build.0 = Debug|Any CPU
		{00A4F2C5-0CC3-4A93-8CB1-85C5CC1DE3AF}.Release|Any CPU.ActiveCfg = Release|Any CPU
		{00A4F2C5-0CC3-4A93-8CB1-85C5CC1DE3AF}.Release|Any CPU.Build.0 = Release|Any CPU
		{47C8772C-6918-4A21-B8D2-406DA6F63994}.Debug|Any CPU.ActiveCfg = Debug|Any CPU
		{47C8772C-6918-4A21-B8D2-406DA6F63994}.Debug|Any CPU.Build.0 = Debug|Any CPU
		{47C8772C-6918-4A21-B8D2-406DA6F63994}.Release|Any CPU.ActiveCfg = Release|Any CPU
		{47C8772C-6918-4A21-B8D2-406DA6F63994}.Release|Any CPU.Build.0 = Release|Any CPU
		{7DC48B1C-63D3-4DAE-B0FB-1347D3BCA3F2}.Debug|Any CPU.ActiveCfg = Debug|Any CPU
		{7DC48B1C-63D3-4DAE-B0FB-1347D3BCA3F2}.Debug|Any CPU.Build.0 = Debug|Any CPU
		{7DC48B1C-63D3-4DAE-B0FB-1347D3BCA3F2}.Release|Any CPU.ActiveCfg = Release|Any CPU
		{7DC48B1C-63D3-4DAE-B0FB-1347D3BCA3F2}.Release|Any CPU.Build.0 = Release|Any CPU
		{2BFF4154-812A-4A02-8449-3600F5D375A3}.Debug|Any CPU.ActiveCfg = Debug|Any CPU
		{2BFF4154-812A-4A02-8449-3600F5D375A3}.Debug|Any CPU.Build.0 = Debug|Any CPU
		{2BFF4154-812A-4A02-8449-3600F5D375A3}.Release|Any CPU.ActiveCfg = Release|Any CPU
		{2BFF4154-812A-4A02-8449-3600F5D375A3}.Release|Any CPU.Build.0 = Release|Any CPU
		{BAE7B9D8-60E8-4222-BD79-22BD05F12D6A}.Debug|Any CPU.ActiveCfg = Debug|Any CPU
		{BAE7B9D8-60E8-4222-BD79-22BD05F12D6A}.Debug|Any CPU.Build.0 = Debug|Any CPU
		{BAE7B9D8-60E8-4222-BD79-22BD05F12D6A}.Release|Any CPU.ActiveCfg = Release|Any CPU
		{BAE7B9D8-60E8-4222-BD79-22BD05F12D6A}.Release|Any CPU.Build.0 = Release|Any CPU
		{90904657-1BE2-4CDD-860E-A83F1071A3FF}.Debug|Any CPU.ActiveCfg = Debug|Any CPU
		{90904657-1BE2-4CDD-860E-A83F1071A3FF}.Debug|Any CPU.Build.0 = Debug|Any CPU
		{90904657-1BE2-4CDD-860E-A83F1071A3FF}.Release|Any CPU.ActiveCfg = Release|Any CPU
		{90904657-1BE2-4CDD-860E-A83F1071A3FF}.Release|Any CPU.Build.0 = Release|Any CPU
		{F0ED9298-A859-4088-8D6D-825D4E42AE40}.Debug|Any CPU.ActiveCfg = Debug|Any CPU
		{F0ED9298-A859-4088-8D6D-825D4E42AE40}.Debug|Any CPU.Build.0 = Debug|Any CPU
		{F0ED9298-A859-4088-8D6D-825D4E42AE40}.Release|Any CPU.ActiveCfg = Release|Any CPU
		{F0ED9298-A859-4088-8D6D-825D4E42AE40}.Release|Any CPU.Build.0 = Release|Any CPU
		{A8C1E73B-FDC0-4C10-9B99-56723F74D822}.Debug|Any CPU.ActiveCfg = Debug|Any CPU
		{A8C1E73B-FDC0-4C10-9B99-56723F74D822}.Debug|Any CPU.Build.0 = Debug|Any CPU
		{A8C1E73B-FDC0-4C10-9B99-56723F74D822}.Release|Any CPU.ActiveCfg = Release|Any CPU
		{A8C1E73B-FDC0-4C10-9B99-56723F74D822}.Release|Any CPU.Build.0 = Release|Any CPU
		{8A86D6C6-8EC0-4AC3-9227-C2D5AD70944F}.Debug|Any CPU.ActiveCfg = Debug|Any CPU
		{8A86D6C6-8EC0-4AC3-9227-C2D5AD70944F}.Debug|Any CPU.Build.0 = Debug|Any CPU
		{8A86D6C6-8EC0-4AC3-9227-C2D5AD70944F}.Release|Any CPU.ActiveCfg = Release|Any CPU
		{8A86D6C6-8EC0-4AC3-9227-C2D5AD70944F}.Release|Any CPU.Build.0 = Release|Any CPU
		{AEE25181-CA60-4D9F-841A-AA9272A33C83}.Debug|Any CPU.ActiveCfg = Debug|Any CPU
		{AEE25181-CA60-4D9F-841A-AA9272A33C83}.Debug|Any CPU.Build.0 = Debug|Any CPU
		{AEE25181-CA60-4D9F-841A-AA9272A33C83}.Release|Any CPU.ActiveCfg = Release|Any CPU
		{AEE25181-CA60-4D9F-841A-AA9272A33C83}.Release|Any CPU.Build.0 = Release|Any CPU
		{0413A4E3-6552-498C-A5EA-AAA28E3359BB}.Debug|Any CPU.ActiveCfg = Debug|Any CPU
		{0413A4E3-6552-498C-A5EA-AAA28E3359BB}.Debug|Any CPU.Build.0 = Debug|Any CPU
		{0413A4E3-6552-498C-A5EA-AAA28E3359BB}.Release|Any CPU.ActiveCfg = Release|Any CPU
		{0413A4E3-6552-498C-A5EA-AAA28E3359BB}.Release|Any CPU.Build.0 = Release|Any CPU
		{EF885B45-4DB6-41B0-A197-3C8C135A949E}.Debug|Any CPU.ActiveCfg = Debug|Any CPU
		{EF885B45-4DB6-41B0-A197-3C8C135A949E}.Debug|Any CPU.Build.0 = Debug|Any CPU
		{EF885B45-4DB6-41B0-A197-3C8C135A949E}.Release|Any CPU.ActiveCfg = Release|Any CPU
		{EF885B45-4DB6-41B0-A197-3C8C135A949E}.Release|Any CPU.Build.0 = Release|Any CPU
		{9D201563-9B2B-4A40-B1A5-0D8BB86F7AE2}.Debug|Any CPU.ActiveCfg = Debug|Any CPU
		{9D201563-9B2B-4A40-B1A5-0D8BB86F7AE2}.Debug|Any CPU.Build.0 = Debug|Any CPU
		{9D201563-9B2B-4A40-B1A5-0D8BB86F7AE2}.Release|Any CPU.ActiveCfg = Release|Any CPU
		{9D201563-9B2B-4A40-B1A5-0D8BB86F7AE2}.Release|Any CPU.Build.0 = Release|Any CPU
		{F74474CE-054F-4E64-8F11-E290D8EB40CF}.Debug|Any CPU.ActiveCfg = Debug|Any CPU
		{F74474CE-054F-4E64-8F11-E290D8EB40CF}.Debug|Any CPU.Build.0 = Debug|Any CPU
		{F74474CE-054F-4E64-8F11-E290D8EB40CF}.Release|Any CPU.ActiveCfg = Release|Any CPU
		{F74474CE-054F-4E64-8F11-E290D8EB40CF}.Release|Any CPU.Build.0 = Release|Any CPU
		{D3BCFC8B-C6E1-439C-A587-313C03507B0B}.Debug|Any CPU.ActiveCfg = Debug|Any CPU
		{D3BCFC8B-C6E1-439C-A587-313C03507B0B}.Debug|Any CPU.Build.0 = Debug|Any CPU
		{D3BCFC8B-C6E1-439C-A587-313C03507B0B}.Release|Any CPU.ActiveCfg = Release|Any CPU
		{D3BCFC8B-C6E1-439C-A587-313C03507B0B}.Release|Any CPU.Build.0 = Release|Any CPU
		{BE64A932-CCA7-4C88-AB4B-5E2F943B2291}.Debug|Any CPU.ActiveCfg = Debug|Any CPU
		{BE64A932-CCA7-4C88-AB4B-5E2F943B2291}.Debug|Any CPU.Build.0 = Debug|Any CPU
		{BE64A932-CCA7-4C88-AB4B-5E2F943B2291}.Release|Any CPU.ActiveCfg = Release|Any CPU
		{BE64A932-CCA7-4C88-AB4B-5E2F943B2291}.Release|Any CPU.Build.0 = Release|Any CPU
		{5D74B61A-2559-4B4D-A5E0-117406CCE7F0}.Debug|Any CPU.ActiveCfg = Debug|Any CPU
		{5D74B61A-2559-4B4D-A5E0-117406CCE7F0}.Debug|Any CPU.Build.0 = Debug|Any CPU
		{5D74B61A-2559-4B4D-A5E0-117406CCE7F0}.Release|Any CPU.ActiveCfg = Release|Any CPU
		{5D74B61A-2559-4B4D-A5E0-117406CCE7F0}.Release|Any CPU.Build.0 = Release|Any CPU
		{5BEA41D3-8358-45A5-A60E-71D6CD1E2BCD}.Debug|Any CPU.ActiveCfg = Debug|Any CPU
		{5BEA41D3-8358-45A5-A60E-71D6CD1E2BCD}.Debug|Any CPU.Build.0 = Debug|Any CPU
		{5BEA41D3-8358-45A5-A60E-71D6CD1E2BCD}.Release|Any CPU.ActiveCfg = Release|Any CPU
		{5BEA41D3-8358-45A5-A60E-71D6CD1E2BCD}.Release|Any CPU.Build.0 = Release|Any CPU
		{367715F0-9767-434B-BC75-3ABC9B82D896}.Debug|Any CPU.ActiveCfg = Debug|Any CPU
		{367715F0-9767-434B-BC75-3ABC9B82D896}.Debug|Any CPU.Build.0 = Debug|Any CPU
		{367715F0-9767-434B-BC75-3ABC9B82D896}.Release|Any CPU.ActiveCfg = Release|Any CPU
		{367715F0-9767-434B-BC75-3ABC9B82D896}.Release|Any CPU.Build.0 = Release|Any CPU
		{64D12DBA-76BE-42BB-A939-25AEF11D1BA2}.Debug|Any CPU.ActiveCfg = Debug|Any CPU
		{64D12DBA-76BE-42BB-A939-25AEF11D1BA2}.Debug|Any CPU.Build.0 = Debug|Any CPU
		{64D12DBA-76BE-42BB-A939-25AEF11D1BA2}.Release|Any CPU.ActiveCfg = Release|Any CPU
		{64D12DBA-76BE-42BB-A939-25AEF11D1BA2}.Release|Any CPU.Build.0 = Release|Any CPU
		{6530D1B3-75A9-4E01-B850-49B155C75A66}.Debug|Any CPU.ActiveCfg = Debug|Any CPU
		{6530D1B3-75A9-4E01-B850-49B155C75A66}.Debug|Any CPU.Build.0 = Debug|Any CPU
		{6530D1B3-75A9-4E01-B850-49B155C75A66}.Release|Any CPU.ActiveCfg = Release|Any CPU
		{6530D1B3-75A9-4E01-B850-49B155C75A66}.Release|Any CPU.Build.0 = Release|Any CPU
		{C36433B1-BB0B-4B37-9EC5-262F7CF5EA38}.Debug|Any CPU.ActiveCfg = Debug|Any CPU
		{C36433B1-BB0B-4B37-9EC5-262F7CF5EA38}.Debug|Any CPU.Build.0 = Debug|Any CPU
		{C36433B1-BB0B-4B37-9EC5-262F7CF5EA38}.Release|Any CPU.ActiveCfg = Release|Any CPU
		{C36433B1-BB0B-4B37-9EC5-262F7CF5EA38}.Release|Any CPU.Build.0 = Release|Any CPU
		{6665A9C5-36D3-4BB2-B64D-8D0D2B03DF5A}.Debug|Any CPU.ActiveCfg = Debug|Any CPU
		{6665A9C5-36D3-4BB2-B64D-8D0D2B03DF5A}.Debug|Any CPU.Build.0 = Debug|Any CPU
		{6665A9C5-36D3-4BB2-B64D-8D0D2B03DF5A}.Release|Any CPU.ActiveCfg = Release|Any CPU
		{6665A9C5-36D3-4BB2-B64D-8D0D2B03DF5A}.Release|Any CPU.Build.0 = Release|Any CPU
		{B5C32992-D584-480A-ADBB-F7520234F821}.Debug|Any CPU.ActiveCfg = Debug|Any CPU
		{B5C32992-D584-480A-ADBB-F7520234F821}.Debug|Any CPU.Build.0 = Debug|Any CPU
		{B5C32992-D584-480A-ADBB-F7520234F821}.Release|Any CPU.ActiveCfg = Release|Any CPU
		{B5C32992-D584-480A-ADBB-F7520234F821}.Release|Any CPU.Build.0 = Release|Any CPU
		{6673CD24-80B5-45B6-9385-AEE13682ADBB}.Debug|Any CPU.ActiveCfg = Debug|Any CPU
		{6673CD24-80B5-45B6-9385-AEE13682ADBB}.Debug|Any CPU.Build.0 = Debug|Any CPU
		{6673CD24-80B5-45B6-9385-AEE13682ADBB}.Release|Any CPU.ActiveCfg = Release|Any CPU
		{6673CD24-80B5-45B6-9385-AEE13682ADBB}.Release|Any CPU.Build.0 = Release|Any CPU
		{3AE42BC0-4507-4434-AB48-0325E9BE0020}.Debug|Any CPU.ActiveCfg = Debug|Any CPU
		{3AE42BC0-4507-4434-AB48-0325E9BE0020}.Debug|Any CPU.Build.0 = Debug|Any CPU
		{3AE42BC0-4507-4434-AB48-0325E9BE0020}.Release|Any CPU.ActiveCfg = Release|Any CPU
		{3AE42BC0-4507-4434-AB48-0325E9BE0020}.Release|Any CPU.Build.0 = Release|Any CPU
		{335976CC-A876-4585-BDC1-F8088E3D1B15}.Debug|Any CPU.ActiveCfg = Debug|Any CPU
		{335976CC-A876-4585-BDC1-F8088E3D1B15}.Debug|Any CPU.Build.0 = Debug|Any CPU
		{335976CC-A876-4585-BDC1-F8088E3D1B15}.Release|Any CPU.ActiveCfg = Release|Any CPU
		{335976CC-A876-4585-BDC1-F8088E3D1B15}.Release|Any CPU.Build.0 = Release|Any CPU
		{DA1068B8-341C-43BA-AE63-C6FD85C4FCAF}.Debug|Any CPU.ActiveCfg = Debug|Any CPU
		{DA1068B8-341C-43BA-AE63-C6FD85C4FCAF}.Debug|Any CPU.Build.0 = Debug|Any CPU
		{DA1068B8-341C-43BA-AE63-C6FD85C4FCAF}.Release|Any CPU.ActiveCfg = Release|Any CPU
		{DA1068B8-341C-43BA-AE63-C6FD85C4FCAF}.Release|Any CPU.Build.0 = Release|Any CPU
		{12439E00-F081-47AF-BBCD-EB61B1E74102}.Debug|Any CPU.ActiveCfg = Debug|Any CPU
		{12439E00-F081-47AF-BBCD-EB61B1E74102}.Debug|Any CPU.Build.0 = Debug|Any CPU
		{12439E00-F081-47AF-BBCD-EB61B1E74102}.Release|Any CPU.ActiveCfg = Release|Any CPU
		{12439E00-F081-47AF-BBCD-EB61B1E74102}.Release|Any CPU.Build.0 = Release|Any CPU
		{6BAF98A4-97BF-4E80-B492-974559BE6037}.Debug|Any CPU.ActiveCfg = Debug|Any CPU
		{6BAF98A4-97BF-4E80-B492-974559BE6037}.Debug|Any CPU.Build.0 = Debug|Any CPU
		{6BAF98A4-97BF-4E80-B492-974559BE6037}.Release|Any CPU.ActiveCfg = Release|Any CPU
		{6BAF98A4-97BF-4E80-B492-974559BE6037}.Release|Any CPU.Build.0 = Release|Any CPU
		{527294D9-DF2F-4EF0-8FB1-30715A710E52}.Debug|Any CPU.ActiveCfg = Debug|Any CPU
		{527294D9-DF2F-4EF0-8FB1-30715A710E52}.Debug|Any CPU.Build.0 = Debug|Any CPU
		{527294D9-DF2F-4EF0-8FB1-30715A710E52}.Release|Any CPU.ActiveCfg = Release|Any CPU
		{527294D9-DF2F-4EF0-8FB1-30715A710E52}.Release|Any CPU.Build.0 = Release|Any CPU
		{672BEF4B-4F49-4BAC-9B1F-F1F5C159B406}.Debug|Any CPU.ActiveCfg = Debug|Any CPU
		{672BEF4B-4F49-4BAC-9B1F-F1F5C159B406}.Debug|Any CPU.Build.0 = Debug|Any CPU
		{672BEF4B-4F49-4BAC-9B1F-F1F5C159B406}.Release|Any CPU.ActiveCfg = Release|Any CPU
		{672BEF4B-4F49-4BAC-9B1F-F1F5C159B406}.Release|Any CPU.Build.0 = Release|Any CPU
		{A40F4FF8-CE6F-4416-97B9-43616F638984}.Debug|Any CPU.ActiveCfg = Debug|Any CPU
		{A40F4FF8-CE6F-4416-97B9-43616F638984}.Debug|Any CPU.Build.0 = Debug|Any CPU
		{A40F4FF8-CE6F-4416-97B9-43616F638984}.Release|Any CPU.ActiveCfg = Release|Any CPU
		{A40F4FF8-CE6F-4416-97B9-43616F638984}.Release|Any CPU.Build.0 = Release|Any CPU
		{77306BE2-91BF-4F2E-BA8B-AE8CB5DEA669}.Debug|Any CPU.ActiveCfg = Debug|Any CPU
		{77306BE2-91BF-4F2E-BA8B-AE8CB5DEA669}.Debug|Any CPU.Build.0 = Debug|Any CPU
		{77306BE2-91BF-4F2E-BA8B-AE8CB5DEA669}.Release|Any CPU.ActiveCfg = Release|Any CPU
		{77306BE2-91BF-4F2E-BA8B-AE8CB5DEA669}.Release|Any CPU.Build.0 = Release|Any CPU
		{548CD6B7-E13E-48A4-9878-E23C2C2C411D}.Debug|Any CPU.ActiveCfg = Debug|Any CPU
		{548CD6B7-E13E-48A4-9878-E23C2C2C411D}.Debug|Any CPU.Build.0 = Debug|Any CPU
		{548CD6B7-E13E-48A4-9878-E23C2C2C411D}.Release|Any CPU.ActiveCfg = Release|Any CPU
		{548CD6B7-E13E-48A4-9878-E23C2C2C411D}.Release|Any CPU.Build.0 = Release|Any CPU
		{EE686C21-C5DE-4257-B519-46030F84EB86}.Debug|Any CPU.ActiveCfg = Debug|Any CPU
		{EE686C21-C5DE-4257-B519-46030F84EB86}.Debug|Any CPU.Build.0 = Debug|Any CPU
		{EE686C21-C5DE-4257-B519-46030F84EB86}.Release|Any CPU.ActiveCfg = Release|Any CPU
		{EE686C21-C5DE-4257-B519-46030F84EB86}.Release|Any CPU.Build.0 = Release|Any CPU
		{4FB93E94-DD07-4D07-A085-3597CD3785E6}.Debug|Any CPU.ActiveCfg = Debug|Any CPU
		{4FB93E94-DD07-4D07-A085-3597CD3785E6}.Debug|Any CPU.Build.0 = Debug|Any CPU
		{4FB93E94-DD07-4D07-A085-3597CD3785E6}.Release|Any CPU.ActiveCfg = Release|Any CPU
		{4FB93E94-DD07-4D07-A085-3597CD3785E6}.Release|Any CPU.Build.0 = Release|Any CPU
		{88A829B7-FB53-4C3A-8F3C-813D76DF34A0}.Debug|Any CPU.ActiveCfg = Debug|Any CPU
		{88A829B7-FB53-4C3A-8F3C-813D76DF34A0}.Debug|Any CPU.Build.0 = Debug|Any CPU
		{88A829B7-FB53-4C3A-8F3C-813D76DF34A0}.Release|Any CPU.ActiveCfg = Release|Any CPU
		{88A829B7-FB53-4C3A-8F3C-813D76DF34A0}.Release|Any CPU.Build.0 = Release|Any CPU
		{85D349D1-442C-4C6F-8CED-F1655831DB93}.Debug|Any CPU.ActiveCfg = Debug|Any CPU
		{85D349D1-442C-4C6F-8CED-F1655831DB93}.Debug|Any CPU.Build.0 = Debug|Any CPU
		{85D349D1-442C-4C6F-8CED-F1655831DB93}.Release|Any CPU.ActiveCfg = Release|Any CPU
		{85D349D1-442C-4C6F-8CED-F1655831DB93}.Release|Any CPU.Build.0 = Release|Any CPU
		{B7343231-660B-466D-A6A2-9E79358F3735}.Debug|Any CPU.ActiveCfg = Debug|Any CPU
		{B7343231-660B-466D-A6A2-9E79358F3735}.Debug|Any CPU.Build.0 = Debug|Any CPU
		{B7343231-660B-466D-A6A2-9E79358F3735}.Release|Any CPU.ActiveCfg = Release|Any CPU
		{B7343231-660B-466D-A6A2-9E79358F3735}.Release|Any CPU.Build.0 = Release|Any CPU
		{44E944E1-3791-467A-A26F-CDFC50BE9F6E}.Debug|Any CPU.ActiveCfg = Debug|Any CPU
		{44E944E1-3791-467A-A26F-CDFC50BE9F6E}.Debug|Any CPU.Build.0 = Debug|Any CPU
		{44E944E1-3791-467A-A26F-CDFC50BE9F6E}.Release|Any CPU.ActiveCfg = Release|Any CPU
		{44E944E1-3791-467A-A26F-CDFC50BE9F6E}.Release|Any CPU.Build.0 = Release|Any CPU
		{1F0D5B04-7024-472F-A8F3-BC9C32181A65}.Debug|Any CPU.ActiveCfg = Debug|Any CPU
		{1F0D5B04-7024-472F-A8F3-BC9C32181A65}.Debug|Any CPU.Build.0 = Debug|Any CPU
		{1F0D5B04-7024-472F-A8F3-BC9C32181A65}.Release|Any CPU.ActiveCfg = Release|Any CPU
		{1F0D5B04-7024-472F-A8F3-BC9C32181A65}.Release|Any CPU.Build.0 = Release|Any CPU
		{1F692519-E767-4613-8D3F-4B346ECA7704}.Debug|Any CPU.ActiveCfg = Debug|Any CPU
		{1F692519-E767-4613-8D3F-4B346ECA7704}.Debug|Any CPU.Build.0 = Debug|Any CPU
		{1F692519-E767-4613-8D3F-4B346ECA7704}.Release|Any CPU.ActiveCfg = Release|Any CPU
		{1F692519-E767-4613-8D3F-4B346ECA7704}.Release|Any CPU.Build.0 = Release|Any CPU
		{FB8143D9-5EDE-47BC-B81B-7E45786F79E2}.Debug|Any CPU.ActiveCfg = Debug|Any CPU
		{FB8143D9-5EDE-47BC-B81B-7E45786F79E2}.Debug|Any CPU.Build.0 = Debug|Any CPU
		{FB8143D9-5EDE-47BC-B81B-7E45786F79E2}.Release|Any CPU.ActiveCfg = Release|Any CPU
		{FB8143D9-5EDE-47BC-B81B-7E45786F79E2}.Release|Any CPU.Build.0 = Release|Any CPU
		{F1E91BFA-2A2E-4A6A-B642-750A6D72C5EA}.Debug|Any CPU.ActiveCfg = Debug|Any CPU
		{F1E91BFA-2A2E-4A6A-B642-750A6D72C5EA}.Debug|Any CPU.Build.0 = Debug|Any CPU
		{F1E91BFA-2A2E-4A6A-B642-750A6D72C5EA}.Release|Any CPU.ActiveCfg = Release|Any CPU
		{F1E91BFA-2A2E-4A6A-B642-750A6D72C5EA}.Release|Any CPU.Build.0 = Release|Any CPU
		{64B13967-3392-4F49-9175-039E86966EA4}.Debug|Any CPU.ActiveCfg = Debug|Any CPU
		{64B13967-3392-4F49-9175-039E86966EA4}.Debug|Any CPU.Build.0 = Debug|Any CPU
		{64B13967-3392-4F49-9175-039E86966EA4}.Release|Any CPU.ActiveCfg = Release|Any CPU
		{64B13967-3392-4F49-9175-039E86966EA4}.Release|Any CPU.Build.0 = Release|Any CPU
		{766E7D1E-1607-4733-BEB8-9743B5FF543E}.Debug|Any CPU.ActiveCfg = Debug|Any CPU
		{766E7D1E-1607-4733-BEB8-9743B5FF543E}.Debug|Any CPU.Build.0 = Debug|Any CPU
		{766E7D1E-1607-4733-BEB8-9743B5FF543E}.Release|Any CPU.ActiveCfg = Release|Any CPU
		{766E7D1E-1607-4733-BEB8-9743B5FF543E}.Release|Any CPU.Build.0 = Release|Any CPU
		{31CCD836-0983-4A64-BC4F-B5B17FA11950}.Debug|Any CPU.ActiveCfg = Debug|Any CPU
		{31CCD836-0983-4A64-BC4F-B5B17FA11950}.Debug|Any CPU.Build.0 = Debug|Any CPU
		{31CCD836-0983-4A64-BC4F-B5B17FA11950}.Release|Any CPU.ActiveCfg = Release|Any CPU
		{31CCD836-0983-4A64-BC4F-B5B17FA11950}.Release|Any CPU.Build.0 = Release|Any CPU
		{FCE4B823-B92B-4E0E-868F-E89F54AB038B}.Debug|Any CPU.ActiveCfg = Debug|Any CPU
		{FCE4B823-B92B-4E0E-868F-E89F54AB038B}.Debug|Any CPU.Build.0 = Debug|Any CPU
		{FCE4B823-B92B-4E0E-868F-E89F54AB038B}.Release|Any CPU.ActiveCfg = Release|Any CPU
		{FCE4B823-B92B-4E0E-868F-E89F54AB038B}.Release|Any CPU.Build.0 = Release|Any CPU
		{D4B40F8E-D8AF-40C4-8A3F-FCD3C5C98413}.Debug|Any CPU.ActiveCfg = Debug|Any CPU
		{D4B40F8E-D8AF-40C4-8A3F-FCD3C5C98413}.Debug|Any CPU.Build.0 = Debug|Any CPU
		{D4B40F8E-D8AF-40C4-8A3F-FCD3C5C98413}.Release|Any CPU.ActiveCfg = Release|Any CPU
		{D4B40F8E-D8AF-40C4-8A3F-FCD3C5C98413}.Release|Any CPU.Build.0 = Release|Any CPU
		{D95A99C0-1D3B-4F59-831A-A4499AE86D77}.Debug|Any CPU.ActiveCfg = Debug|Any CPU
		{D95A99C0-1D3B-4F59-831A-A4499AE86D77}.Debug|Any CPU.Build.0 = Debug|Any CPU
		{D95A99C0-1D3B-4F59-831A-A4499AE86D77}.Release|Any CPU.ActiveCfg = Release|Any CPU
		{D95A99C0-1D3B-4F59-831A-A4499AE86D77}.Release|Any CPU.Build.0 = Release|Any CPU
		{6C30C4E6-C789-474F-9019-E7D12318DD89}.Debug|Any CPU.ActiveCfg = Debug|Any CPU
		{6C30C4E6-C789-474F-9019-E7D12318DD89}.Debug|Any CPU.Build.0 = Debug|Any CPU
		{6C30C4E6-C789-474F-9019-E7D12318DD89}.Release|Any CPU.ActiveCfg = Release|Any CPU
		{6C30C4E6-C789-474F-9019-E7D12318DD89}.Release|Any CPU.Build.0 = Release|Any CPU
		{1D2E61BD-9CED-45D7-88EC-64AD56312F85}.Debug|Any CPU.ActiveCfg = Debug|Any CPU
		{1D2E61BD-9CED-45D7-88EC-64AD56312F85}.Debug|Any CPU.Build.0 = Debug|Any CPU
		{1D2E61BD-9CED-45D7-88EC-64AD56312F85}.Release|Any CPU.ActiveCfg = Release|Any CPU
		{1D2E61BD-9CED-45D7-88EC-64AD56312F85}.Release|Any CPU.Build.0 = Release|Any CPU
		{38998399-FC35-4B2E-BBBD-63DB8D1EA5CF}.Debug|Any CPU.ActiveCfg = Debug|Any CPU
		{38998399-FC35-4B2E-BBBD-63DB8D1EA5CF}.Debug|Any CPU.Build.0 = Debug|Any CPU
		{38998399-FC35-4B2E-BBBD-63DB8D1EA5CF}.Release|Any CPU.ActiveCfg = Release|Any CPU
		{38998399-FC35-4B2E-BBBD-63DB8D1EA5CF}.Release|Any CPU.Build.0 = Release|Any CPU
		{718F7754-85AC-4F69-AAB3-6E6926238E55}.Debug|Any CPU.ActiveCfg = Debug|Any CPU
		{718F7754-85AC-4F69-AAB3-6E6926238E55}.Debug|Any CPU.Build.0 = Debug|Any CPU
		{718F7754-85AC-4F69-AAB3-6E6926238E55}.Release|Any CPU.ActiveCfg = Release|Any CPU
		{718F7754-85AC-4F69-AAB3-6E6926238E55}.Release|Any CPU.Build.0 = Release|Any CPU
	EndGlobalSection
EndGlobal
