
Microsoft Visual Studio Solution File, Format Version 12.00
Project("{FAE04EC0-301F-11D3-BF4B-00C04F79EFBC}") = "CSharpLearning", "CSharpLearning\CSharpLearning.csproj", "{F6DC64A0-BB43-44C8-86B8-BF841C63239E}"
EndProject
Project("{FAE04EC0-301F-11D3-BF4B-00C04F79EFBC}") = "Recursion", "Recursion\Recursion.csproj", "{98D0EB4A-4296-4CD7-878B-9C3B559B4627}"
EndProject
Project("{FAE04EC0-301F-11D3-BF4B-00C04F79EFBC}") = "Array", "Array\Array.csproj", "{2E208011-E877-48E9-AB76-04155B7F03AF}"
EndProject
Project("{FAE04EC0-301F-11D3-BF4B-00C04F79EFBC}") = "ClassesAndObject", "ClassesAndObject\ClassesAndObject.csproj", "{A8C04C5A-1E07-499A-A8B5-51A3EA5D1BB4}"
EndProject
Project("{FAE04EC0-301F-11D3-BF4B-00C04F79EFBC}") = "StaticMethods", "StaticMethods\StaticMethods.csproj", "{1F2BE3FA-164C-4A98-8C23-3DD079D00961}"
EndProject
Project("{FAE04EC0-301F-11D3-BF4B-00C04F79EFBC}") = "Destructor", "Destructor\Destructor.csproj", "{2042A85E-654F-46C5-9C80-837EECA888F6}"
EndProject
Project("{FAE04EC0-301F-11D3-BF4B-00C04F79EFBC}") = "This", "This\This.csproj", "{B709E430-8FE4-47A0-B71F-89FFA0DE6248}"
EndProject
Project("{FAE04EC0-301F-11D3-BF4B-00C04F79EFBC}") = "ClassesTasks", "ClassesTasks\ClassesTasks.csproj", "{5F8223F4-6577-47B9-9351-62B997360247}"
EndProject
Project("{FAE04EC0-301F-11D3-BF4B-00C04F79EFBC}") = "Covariant", "Covariant\Covariant.csproj", "{4D93C432-012B-4B0B-804F-8C019F3B981B}"
EndProject
Project("{FAE04EC0-301F-11D3-BF4B-00C04F79EFBC}") = "Params_01", "Params_01\Params_01.csproj", "{47957B28-8309-4131-8230-D4907627BD64}"
EndProject
Project("{FAE04EC0-301F-11D3-BF4B-00C04F79EFBC}") = "Params_02", "Params_02\Params_02.csproj", "{2AEAC04B-DE47-437F-A1AE-1EA0D68D728D}"
EndProject
Project("{FAE04EC0-301F-11D3-BF4B-00C04F79EFBC}") = "Indexers", "Indexers\Indexers.csproj", "{CF0591D9-5BCD-4B30-980C-53FE34266632}"
EndProject
Project("{FAE04EC0-301F-11D3-BF4B-00C04F79EFBC}") = "StaticClass", "StaticClass\StaticClass.csproj", "{D56E3757-652C-43E8-8A58-7ABC9D7516CD}"
EndProject
Project("{FAE04EC0-301F-11D3-BF4B-00C04F79EFBC}") = "ArraysKatas", "ArraysKatas\ArraysKatas.csproj", "{7468B109-0643-4C1F-8FAE-37F4E063BE73}"
EndProject
Project("{FAE04EC0-301F-11D3-BF4B-00C04F79EFBC}") = "ExtensionMethods", "ExtensionMethods\ExtensionMethods.csproj", "{14088551-E318-4310-9AD0-904FB5CF4E83}"
EndProject
Project("{FAE04EC0-301F-11D3-BF4B-00C04F79EFBC}") = "OOP", "OOP\OOP.csproj", "{F905900A-A675-4DD4-9405-850D28C7FC8A}"
EndProject
Project("{FAE04EC0-301F-11D3-BF4B-00C04F79EFBC}") = "StaticConstructors", "StaticConstructors\StaticConstructors.csproj", "{F9273B87-C62A-4545-9CF2-A8A38230FECA}"
EndProject
Project("{FAE04EC0-301F-11D3-BF4B-00C04F79EFBC}") = "Polymorphism", "Polymorphism\Polymorphism.csproj", "{950CC0DF-D34E-4CBE-95B0-9F77C8CAB725}"
EndProject
Project("{FAE04EC0-301F-11D3-BF4B-00C04F79EFBC}") = "Abstraction", "Abstraction\Abstraction.csproj", "{B9800C69-D6DC-413D-B18A-7D05B0E1C232}"
EndProject
Project("{FAE04EC0-301F-11D3-BF4B-00C04F79EFBC}") = "ClassesRecup", "ClassesRecup\ClassesRecup.csproj", "{13E3324C-964A-413D-8A16-AEE0EF913E3D}"
EndProject
Project("{FAE04EC0-301F-11D3-BF4B-00C04F79EFBC}") = "Interfaces", "Interfaces\Interfaces.csproj", "{9EAAA3AA-426A-471A-8A3E-6D13AD35130E}"
EndProject
Project("{FAE04EC0-301F-11D3-BF4B-00C04F79EFBC}") = "ExplicitImplementationOfInterfaces", "ExplicitImplementationOfInterfaces\ExplicitImplementationOfInterfaces.csproj", "{73F53E39-C178-477B-B26B-5ED85B5B8CEE}"
EndProject
Project("{FAE04EC0-301F-11D3-BF4B-00C04F79EFBC}") = "Structures", "Structures\Structures.csproj", "{47C4CD99-86EC-405B-957E-0A26BBF23502}"
EndProject
Project("{FAE04EC0-301F-11D3-BF4B-00C04F79EFBC}") = "Benchmark", "Benchmark\Benchmark.csproj", "{887C88D4-5782-415F-B419-36F3DE5FFDED}"
EndProject
Project("{FAE04EC0-301F-11D3-BF4B-00C04F79EFBC}") = "BenchmarkDNet", "BenchmarkDNet\BenchmarkDNet.csproj", "{57917AE6-D916-4806-ADE4-CE89FB85EF1B}"
EndProject
Project("{FAE04EC0-301F-11D3-BF4B-00C04F79EFBC}") = "Enums", "Enums\Enums.csproj", "{9272F89E-7145-4CA3-B56E-25AF8FFAAC81}"
EndProject
Project("{FAE04EC0-301F-11D3-BF4B-00C04F79EFBC}") = "Boxing", "Boxing\Boxing.csproj", "{FBC84FED-83D1-443D-B035-1CEC4EF5AA9D}"
EndProject
Project("{FAE04EC0-301F-11D3-BF4B-00C04F79EFBC}") = "ArrayCovariant", "ArrayCovariant\ArrayCovariant.csproj", "{CBA2CE9E-9025-45FB-970D-D1C3C12E33FF}"
EndProject
Project("{FAE04EC0-301F-11D3-BF4B-00C04F79EFBC}") = "WorkDateTime", "WorkDateTime\WorkDateTime.csproj", "{A3062ADA-A896-47CB-8CE7-4E7AAB3C16B1}"
EndProject
Project("{FAE04EC0-301F-11D3-BF4B-00C04F79EFBC}") = "DateTimeNewYear", "DateTimeNewYear\DateTimeNewYear.csproj", "{1F15918A-AD7E-41D7-A1DB-B2AF9981244F}"
EndProject
Project("{FAE04EC0-301F-11D3-BF4B-00C04F79EFBC}") = "EnumsSimpleCode", "EnumsSimpleCode\EnumsSimpleCode.csproj", "{09C94D6F-50B8-4896-9E8C-43D7280659A1}"
EndProject
Global
	GlobalSection(SolutionConfigurationPlatforms) = preSolution
		Debug|Any CPU = Debug|Any CPU
		Release|Any CPU = Release|Any CPU
	EndGlobalSection
	GlobalSection(ProjectConfigurationPlatforms) = postSolution
		{F6DC64A0-BB43-44C8-86B8-BF841C63239E}.Debug|Any CPU.ActiveCfg = Debug|Any CPU
		{F6DC64A0-BB43-44C8-86B8-BF841C63239E}.Debug|Any CPU.Build.0 = Debug|Any CPU
		{F6DC64A0-BB43-44C8-86B8-BF841C63239E}.Release|Any CPU.ActiveCfg = Release|Any CPU
		{F6DC64A0-BB43-44C8-86B8-BF841C63239E}.Release|Any CPU.Build.0 = Release|Any CPU
		{98D0EB4A-4296-4CD7-878B-9C3B559B4627}.Debug|Any CPU.ActiveCfg = Debug|Any CPU
		{98D0EB4A-4296-4CD7-878B-9C3B559B4627}.Debug|Any CPU.Build.0 = Debug|Any CPU
		{98D0EB4A-4296-4CD7-878B-9C3B559B4627}.Release|Any CPU.ActiveCfg = Release|Any CPU
		{98D0EB4A-4296-4CD7-878B-9C3B559B4627}.Release|Any CPU.Build.0 = Release|Any CPU
		{2E208011-E877-48E9-AB76-04155B7F03AF}.Debug|Any CPU.ActiveCfg = Debug|Any CPU
		{2E208011-E877-48E9-AB76-04155B7F03AF}.Debug|Any CPU.Build.0 = Debug|Any CPU
		{2E208011-E877-48E9-AB76-04155B7F03AF}.Release|Any CPU.ActiveCfg = Release|Any CPU
		{2E208011-E877-48E9-AB76-04155B7F03AF}.Release|Any CPU.Build.0 = Release|Any CPU
		{A8C04C5A-1E07-499A-A8B5-51A3EA5D1BB4}.Debug|Any CPU.ActiveCfg = Debug|Any CPU
		{A8C04C5A-1E07-499A-A8B5-51A3EA5D1BB4}.Debug|Any CPU.Build.0 = Debug|Any CPU
		{A8C04C5A-1E07-499A-A8B5-51A3EA5D1BB4}.Release|Any CPU.ActiveCfg = Release|Any CPU
		{A8C04C5A-1E07-499A-A8B5-51A3EA5D1BB4}.Release|Any CPU.Build.0 = Release|Any CPU
		{1F2BE3FA-164C-4A98-8C23-3DD079D00961}.Debug|Any CPU.ActiveCfg = Debug|Any CPU
		{1F2BE3FA-164C-4A98-8C23-3DD079D00961}.Debug|Any CPU.Build.0 = Debug|Any CPU
		{1F2BE3FA-164C-4A98-8C23-3DD079D00961}.Release|Any CPU.ActiveCfg = Release|Any CPU
		{1F2BE3FA-164C-4A98-8C23-3DD079D00961}.Release|Any CPU.Build.0 = Release|Any CPU
		{2042A85E-654F-46C5-9C80-837EECA888F6}.Debug|Any CPU.ActiveCfg = Debug|Any CPU
		{2042A85E-654F-46C5-9C80-837EECA888F6}.Debug|Any CPU.Build.0 = Debug|Any CPU
		{2042A85E-654F-46C5-9C80-837EECA888F6}.Release|Any CPU.ActiveCfg = Release|Any CPU
		{2042A85E-654F-46C5-9C80-837EECA888F6}.Release|Any CPU.Build.0 = Release|Any CPU
		{B709E430-8FE4-47A0-B71F-89FFA0DE6248}.Debug|Any CPU.ActiveCfg = Debug|Any CPU
		{B709E430-8FE4-47A0-B71F-89FFA0DE6248}.Debug|Any CPU.Build.0 = Debug|Any CPU
		{B709E430-8FE4-47A0-B71F-89FFA0DE6248}.Release|Any CPU.ActiveCfg = Release|Any CPU
		{B709E430-8FE4-47A0-B71F-89FFA0DE6248}.Release|Any CPU.Build.0 = Release|Any CPU
		{5F8223F4-6577-47B9-9351-62B997360247}.Debug|Any CPU.ActiveCfg = Debug|Any CPU
		{5F8223F4-6577-47B9-9351-62B997360247}.Debug|Any CPU.Build.0 = Debug|Any CPU
		{5F8223F4-6577-47B9-9351-62B997360247}.Release|Any CPU.ActiveCfg = Release|Any CPU
		{5F8223F4-6577-47B9-9351-62B997360247}.Release|Any CPU.Build.0 = Release|Any CPU
		{4D93C432-012B-4B0B-804F-8C019F3B981B}.Debug|Any CPU.ActiveCfg = Debug|Any CPU
		{4D93C432-012B-4B0B-804F-8C019F3B981B}.Debug|Any CPU.Build.0 = Debug|Any CPU
		{4D93C432-012B-4B0B-804F-8C019F3B981B}.Release|Any CPU.ActiveCfg = Release|Any CPU
		{4D93C432-012B-4B0B-804F-8C019F3B981B}.Release|Any CPU.Build.0 = Release|Any CPU
		{47957B28-8309-4131-8230-D4907627BD64}.Debug|Any CPU.ActiveCfg = Debug|Any CPU
		{47957B28-8309-4131-8230-D4907627BD64}.Debug|Any CPU.Build.0 = Debug|Any CPU
		{47957B28-8309-4131-8230-D4907627BD64}.Release|Any CPU.ActiveCfg = Release|Any CPU
		{47957B28-8309-4131-8230-D4907627BD64}.Release|Any CPU.Build.0 = Release|Any CPU
		{2AEAC04B-DE47-437F-A1AE-1EA0D68D728D}.Debug|Any CPU.ActiveCfg = Debug|Any CPU
		{2AEAC04B-DE47-437F-A1AE-1EA0D68D728D}.Debug|Any CPU.Build.0 = Debug|Any CPU
		{2AEAC04B-DE47-437F-A1AE-1EA0D68D728D}.Release|Any CPU.ActiveCfg = Release|Any CPU
		{2AEAC04B-DE47-437F-A1AE-1EA0D68D728D}.Release|Any CPU.Build.0 = Release|Any CPU
		{CF0591D9-5BCD-4B30-980C-53FE34266632}.Debug|Any CPU.ActiveCfg = Debug|Any CPU
		{CF0591D9-5BCD-4B30-980C-53FE34266632}.Debug|Any CPU.Build.0 = Debug|Any CPU
		{CF0591D9-5BCD-4B30-980C-53FE34266632}.Release|Any CPU.ActiveCfg = Release|Any CPU
		{CF0591D9-5BCD-4B30-980C-53FE34266632}.Release|Any CPU.Build.0 = Release|Any CPU
		{D56E3757-652C-43E8-8A58-7ABC9D7516CD}.Debug|Any CPU.ActiveCfg = Debug|Any CPU
								{D56E3757-652C-43E8-8A58-7ABC9D7516CD}.Debug|Any CPU.Build.0 = Debug|Any CPU
								{D56E3757-652C-43E8-8A58-7ABC9D7516CD}.Release|Any CPU.ActiveCfg = Release|Any CPU
								{D56E3757-652C-43E8-8A58-7ABC9D7516CD}.Release|Any CPU.Build.0 = Release|Any CPU
								{7468B109-0643-4C1F-8FAE-37F4E063BE73}.Debug|Any CPU.ActiveCfg = Debug|Any CPU
								{7468B109-0643-4C1F-8FAE-37F4E063BE73}.Debug|Any CPU.Build.0 = Debug|Any CPU
																{7468B109-0643-4C1F-8FAE-37F4E063BE73}.Release|Any CPU.ActiveCfg = Release|Any CPU
																{7468B109-0643-4C1F-8FAE-37F4E063BE73}.Release|Any CPU.Build.0 = Release|Any CPU
		{14088551-E318-4310-9AD0-904FB5CF4E83}.Debug|Any CPU.ActiveCfg = Debug|Any CPU
		{14088551-E318-4310-9AD0-904FB5CF4E83}.Debug|Any CPU.Build.0 = Debug|Any CPU
		{14088551-E318-4310-9AD0-904FB5CF4E83}.Release|Any CPU.ActiveCfg = Release|Any CPU
		{14088551-E318-4310-9AD0-904FB5CF4E83}.Release|Any CPU.Build.0 = Release|Any CPU
		{F905900A-A675-4DD4-9405-850D28C7FC8A}.Debug|Any CPU.ActiveCfg = Debug|Any CPU
		{F905900A-A675-4DD4-9405-850D28C7FC8A}.Debug|Any CPU.Build.0 = Debug|Any CPU
		{F905900A-A675-4DD4-9405-850D28C7FC8A}.Release|Any CPU.ActiveCfg = Release|Any CPU
		{F905900A-A675-4DD4-9405-850D28C7FC8A}.Release|Any CPU.Build.0 = Release|Any CPU
		{F9273B87-C62A-4545-9CF2-A8A38230FECA}.Debug|Any CPU.ActiveCfg = Debug|Any CPU
		{F9273B87-C62A-4545-9CF2-A8A38230FECA}.Debug|Any CPU.Build.0 = Debug|Any CPU
		{F9273B87-C62A-4545-9CF2-A8A38230FECA}.Release|Any CPU.ActiveCfg = Release|Any CPU
		{F9273B87-C62A-4545-9CF2-A8A38230FECA}.Release|Any CPU.Build.0 = Release|Any CPU
		{950CC0DF-D34E-4CBE-95B0-9F77C8CAB725}.Debug|Any CPU.ActiveCfg = Debug|Any CPU
		{950CC0DF-D34E-4CBE-95B0-9F77C8CAB725}.Debug|Any CPU.Build.0 = Debug|Any CPU
		{950CC0DF-D34E-4CBE-95B0-9F77C8CAB725}.Release|Any CPU.ActiveCfg = Release|Any CPU
		{950CC0DF-D34E-4CBE-95B0-9F77C8CAB725}.Release|Any CPU.Build.0 = Release|Any CPU
		{B9800C69-D6DC-413D-B18A-7D05B0E1C232}.Debug|Any CPU.ActiveCfg = Debug|Any CPU
		{B9800C69-D6DC-413D-B18A-7D05B0E1C232}.Debug|Any CPU.Build.0 = Debug|Any CPU
		{B9800C69-D6DC-413D-B18A-7D05B0E1C232}.Release|Any CPU.ActiveCfg = Release|Any CPU
		{B9800C69-D6DC-413D-B18A-7D05B0E1C232}.Release|Any CPU.Build.0 = Release|Any CPU
		{13E3324C-964A-413D-8A16-AEE0EF913E3D}.Debug|Any CPU.ActiveCfg = Debug|Any CPU
		{13E3324C-964A-413D-8A16-AEE0EF913E3D}.Debug|Any CPU.Build.0 = Debug|Any CPU
		{13E3324C-964A-413D-8A16-AEE0EF913E3D}.Release|Any CPU.ActiveCfg = Release|Any CPU
		{13E3324C-964A-413D-8A16-AEE0EF913E3D}.Release|Any CPU.Build.0 = Release|Any CPU
		{9EAAA3AA-426A-471A-8A3E-6D13AD35130E}.Debug|Any CPU.ActiveCfg = Debug|Any CPU
		{9EAAA3AA-426A-471A-8A3E-6D13AD35130E}.Debug|Any CPU.Build.0 = Debug|Any CPU
		{9EAAA3AA-426A-471A-8A3E-6D13AD35130E}.Release|Any CPU.ActiveCfg = Release|Any CPU
		{9EAAA3AA-426A-471A-8A3E-6D13AD35130E}.Release|Any CPU.Build.0 = Release|Any CPU
		{73F53E39-C178-477B-B26B-5ED85B5B8CEE}.Debug|Any CPU.ActiveCfg = Debug|Any CPU
		{73F53E39-C178-477B-B26B-5ED85B5B8CEE}.Debug|Any CPU.Build.0 = Debug|Any CPU
		{73F53E39-C178-477B-B26B-5ED85B5B8CEE}.Release|Any CPU.ActiveCfg = Release|Any CPU
		{73F53E39-C178-477B-B26B-5ED85B5B8CEE}.Release|Any CPU.Build.0 = Release|Any CPU
		{47C4CD99-86EC-405B-957E-0A26BBF23502}.Debug|Any CPU.ActiveCfg = Debug|Any CPU
		{47C4CD99-86EC-405B-957E-0A26BBF23502}.Debug|Any CPU.Build.0 = Debug|Any CPU
		{47C4CD99-86EC-405B-957E-0A26BBF23502}.Release|Any CPU.ActiveCfg = Release|Any CPU
		{47C4CD99-86EC-405B-957E-0A26BBF23502}.Release|Any CPU.Build.0 = Release|Any CPU
		{887C88D4-5782-415F-B419-36F3DE5FFDED}.Debug|Any CPU.ActiveCfg = Debug|Any CPU
		{887C88D4-5782-415F-B419-36F3DE5FFDED}.Debug|Any CPU.Build.0 = Debug|Any CPU
		{887C88D4-5782-415F-B419-36F3DE5FFDED}.Release|Any CPU.ActiveCfg = Release|Any CPU
		{887C88D4-5782-415F-B419-36F3DE5FFDED}.Release|Any CPU.Build.0 = Release|Any CPU
		{57917AE6-D916-4806-ADE4-CE89FB85EF1B}.Debug|Any CPU.ActiveCfg = Debug|Any CPU
		{57917AE6-D916-4806-ADE4-CE89FB85EF1B}.Debug|Any CPU.Build.0 = Debug|Any CPU
		{57917AE6-D916-4806-ADE4-CE89FB85EF1B}.Release|Any CPU.ActiveCfg = Release|Any CPU
		{57917AE6-D916-4806-ADE4-CE89FB85EF1B}.Release|Any CPU.Build.0 = Release|Any CPU
		{9272F89E-7145-4CA3-B56E-25AF8FFAAC81}.Debug|Any CPU.ActiveCfg = Debug|Any CPU
		{9272F89E-7145-4CA3-B56E-25AF8FFAAC81}.Debug|Any CPU.Build.0 = Debug|Any CPU
		{9272F89E-7145-4CA3-B56E-25AF8FFAAC81}.Release|Any CPU.ActiveCfg = Release|Any CPU
		{9272F89E-7145-4CA3-B56E-25AF8FFAAC81}.Release|Any CPU.Build.0 = Release|Any CPU
		{FBC84FED-83D1-443D-B035-1CEC4EF5AA9D}.Debug|Any CPU.ActiveCfg = Debug|Any CPU
		{FBC84FED-83D1-443D-B035-1CEC4EF5AA9D}.Debug|Any CPU.Build.0 = Debug|Any CPU
		{FBC84FED-83D1-443D-B035-1CEC4EF5AA9D}.Release|Any CPU.ActiveCfg = Release|Any CPU
		{FBC84FED-83D1-443D-B035-1CEC4EF5AA9D}.Release|Any CPU.Build.0 = Release|Any CPU
		{CBA2CE9E-9025-45FB-970D-D1C3C12E33FF}.Debug|Any CPU.ActiveCfg = Debug|Any CPU
		{CBA2CE9E-9025-45FB-970D-D1C3C12E33FF}.Debug|Any CPU.Build.0 = Debug|Any CPU
		{CBA2CE9E-9025-45FB-970D-D1C3C12E33FF}.Release|Any CPU.ActiveCfg = Release|Any CPU
		{CBA2CE9E-9025-45FB-970D-D1C3C12E33FF}.Release|Any CPU.Build.0 = Release|Any CPU
		{A3062ADA-A896-47CB-8CE7-4E7AAB3C16B1}.Debug|Any CPU.ActiveCfg = Debug|Any CPU
		{A3062ADA-A896-47CB-8CE7-4E7AAB3C16B1}.Debug|Any CPU.Build.0 = Debug|Any CPU
		{A3062ADA-A896-47CB-8CE7-4E7AAB3C16B1}.Release|Any CPU.ActiveCfg = Release|Any CPU
		{A3062ADA-A896-47CB-8CE7-4E7AAB3C16B1}.Release|Any CPU.Build.0 = Release|Any CPU
		{1F15918A-AD7E-41D7-A1DB-B2AF9981244F}.Debug|Any CPU.ActiveCfg = Debug|Any CPU
		{1F15918A-AD7E-41D7-A1DB-B2AF9981244F}.Debug|Any CPU.Build.0 = Debug|Any CPU
		{1F15918A-AD7E-41D7-A1DB-B2AF9981244F}.Release|Any CPU.ActiveCfg = Release|Any CPU
		{1F15918A-AD7E-41D7-A1DB-B2AF9981244F}.Release|Any CPU.Build.0 = Release|Any CPU
		{09C94D6F-50B8-4896-9E8C-43D7280659A1}.Debug|Any CPU.ActiveCfg = Debug|Any CPU
		{09C94D6F-50B8-4896-9E8C-43D7280659A1}.Debug|Any CPU.Build.0 = Debug|Any CPU
		{09C94D6F-50B8-4896-9E8C-43D7280659A1}.Release|Any CPU.ActiveCfg = Release|Any CPU
		{09C94D6F-50B8-4896-9E8C-43D7280659A1}.Release|Any CPU.Build.0 = Release|Any CPU
	EndGlobalSection
EndGlobal
